// !$*UTF8*$!
{
	archiveVersion = 1;
	classes = {
	};
	objectVersion = 51;
	objects = {

/* Begin PBXBuildFile section */
		447F9F9A4B1B46F88172EBF4 /* Pods_Ms_Fit.framework in Frameworks */ = {isa = PBXBuildFile; fileRef = B3810A94F4EC2EA9CCCC52C6 /* Pods_Ms_Fit.framework */; };
		564A672823FC2F3400D4901A /* Dependency.swift in Sources */ = {isa = PBXBuildFile; fileRef = 564A672723FC2F3400D4901A /* Dependency.swift */; };
		564A672B23FC2FB000D4901A /* AppCoordinator.swift in Sources */ = {isa = PBXBuildFile; fileRef = 564A672A23FC2FB000D4901A /* AppCoordinator.swift */; };
		564A672D23FC2FD000D4901A /* BaseCoordinator.swift in Sources */ = {isa = PBXBuildFile; fileRef = 564A672C23FC2FD000D4901A /* BaseCoordinator.swift */; };
		564A673823FC4F0700D4901A /* Assets.xcassets in Resources */ = {isa = PBXBuildFile; fileRef = 569FB0DE23FC09530052B796 /* Assets.xcassets */; };
		564A674223FC6E4700D4901A /* SlimLogglyDestination.swift in Sources */ = {isa = PBXBuildFile; fileRef = 564A673D23FC6E4600D4901A /* SlimLogglyDestination.swift */; };
		564A674323FC6E4700D4901A /* SlimLogglyDestinationConfig.swift in Sources */ = {isa = PBXBuildFile; fileRef = 564A673E23FC6E4600D4901A /* SlimLogglyDestinationConfig.swift */; };
		564A674423FC6E4700D4901A /* SlimLogger.swift in Sources */ = {isa = PBXBuildFile; fileRef = 564A673F23FC6E4700D4901A /* SlimLogger.swift */; };
		564A674523FC6E4700D4901A /* SlimLoggerConfig.swift in Sources */ = {isa = PBXBuildFile; fileRef = 564A674023FC6E4700D4901A /* SlimLoggerConfig.swift */; };
		564A674623FC6E4700D4901A /* Logger.swift in Sources */ = {isa = PBXBuildFile; fileRef = 564A674123FC6E4700D4901A /* Logger.swift */; };
		564A674823FC6E6E00D4901A /* BaseViewController.swift in Sources */ = {isa = PBXBuildFile; fileRef = 564A674723FC6E6E00D4901A /* BaseViewController.swift */; };
		564A674A23FC6E9800D4901A /* BaseViewModel.swift in Sources */ = {isa = PBXBuildFile; fileRef = 564A674923FC6E9800D4901A /* BaseViewModel.swift */; };
		564A674C23FC6ECE00D4901A /* Constants.swift in Sources */ = {isa = PBXBuildFile; fileRef = 564A674B23FC6ECE00D4901A /* Constants.swift */; };
		564A674E23FC6EE700D4901A /* Environment.swift in Sources */ = {isa = PBXBuildFile; fileRef = 564A674D23FC6EE700D4901A /* Environment.swift */; };
		564A675523FC701600D4901A /* SplashSceneCoordinator.swift in Sources */ = {isa = PBXBuildFile; fileRef = 564A675123FC701600D4901A /* SplashSceneCoordinator.swift */; };
		564A675823FC701600D4901A /* SplashSceneViewModel.swift in Sources */ = {isa = PBXBuildFile; fileRef = 564A675423FC701600D4901A /* SplashSceneViewModel.swift */; };
		564A676023FC76B100D4901A /* UIView+Ext.swift in Sources */ = {isa = PBXBuildFile; fileRef = 564A675A23FC76B100D4901A /* UIView+Ext.swift */; };
		564A676123FC76B100D4901A /* GenericCollection+Ext.swift in Sources */ = {isa = PBXBuildFile; fileRef = 564A675B23FC76B100D4901A /* GenericCollection+Ext.swift */; };
		564A676223FC76B100D4901A /* NSLayoutConstraint+Ext.swift in Sources */ = {isa = PBXBuildFile; fileRef = 564A675C23FC76B100D4901A /* NSLayoutConstraint+Ext.swift */; };
		564A676323FC76B100D4901A /* Path+Ext.swift in Sources */ = {isa = PBXBuildFile; fileRef = 564A675D23FC76B100D4901A /* Path+Ext.swift */; };
		564A676423FC76B100D4901A /* String+Ext.swift in Sources */ = {isa = PBXBuildFile; fileRef = 564A675E23FC76B100D4901A /* String+Ext.swift */; };
		564A676523FC76B100D4901A /* Reactive+Ext.swift in Sources */ = {isa = PBXBuildFile; fileRef = 564A675F23FC76B100D4901A /* Reactive+Ext.swift */; };
		564A676A23FC821F00D4901A /* OnboardSceneCoordinator.swift in Sources */ = {isa = PBXBuildFile; fileRef = 564A676623FC821F00D4901A /* OnboardSceneCoordinator.swift */; };
		564A676C23FC821F00D4901A /* OnboardSceneModel.swift in Sources */ = {isa = PBXBuildFile; fileRef = 564A676823FC821F00D4901A /* OnboardSceneModel.swift */; };
		564A676D23FC821F00D4901A /* OnboardSceneViewModel.swift in Sources */ = {isa = PBXBuildFile; fileRef = 564A676923FC821F00D4901A /* OnboardSceneViewModel.swift */; };
		566C2D84240440040006108B /* SignInSceneCoordinator.swift in Sources */ = {isa = PBXBuildFile; fileRef = 566C2D83240440040006108B /* SignInSceneCoordinator.swift */; };
		566C2D8C2404423E0006108B /* SignUpSceneCoordinator.swift in Sources */ = {isa = PBXBuildFile; fileRef = 566C2D8B2404423E0006108B /* SignUpSceneCoordinator.swift */; };
		566C2D91240443770006108B /* MainSceneViewController.swift in Sources */ = {isa = PBXBuildFile; fileRef = 566C2D8F240443770006108B /* MainSceneViewController.swift */; };
		566C2D92240443770006108B /* TabBarSceneViewController.swift in Sources */ = {isa = PBXBuildFile; fileRef = 566C2D90240443770006108B /* TabBarSceneViewController.swift */; };
		566C2D96240443800006108B /* SplashSceneViewController.swift in Sources */ = {isa = PBXBuildFile; fileRef = 566C2D94240443800006108B /* SplashSceneViewController.swift */; };
		566C2D97240443800006108B /* OnboardSceneViewController.swift in Sources */ = {isa = PBXBuildFile; fileRef = 566C2D95240443800006108B /* OnboardSceneViewController.swift */; };
		566C2DA8240444080006108B /* SignUpSceneViewController.swift in Sources */ = {isa = PBXBuildFile; fileRef = 566C2DA3240444080006108B /* SignUpSceneViewController.swift */; };
		566C2DA9240444080006108B /* NewRegistSceneViewController.swift in Sources */ = {isa = PBXBuildFile; fileRef = 566C2DA4240444080006108B /* NewRegistSceneViewController.swift */; };
		566C2DAA240444080006108B /* LoginSceneViewController.swift in Sources */ = {isa = PBXBuildFile; fileRef = 566C2DA5240444080006108B /* LoginSceneViewController.swift */; };
		566C2DAB240444080006108B /* ForgotPassSceneViewController.swift in Sources */ = {isa = PBXBuildFile; fileRef = 566C2DA6240444080006108B /* ForgotPassSceneViewController.swift */; };
		566C2DAC240444080006108B /* SignInSceneViewController.swift in Sources */ = {isa = PBXBuildFile; fileRef = 566C2DA7240444080006108B /* SignInSceneViewController.swift */; };
		56993BFC2401A84900C16CFF /* MainSceneCoordinator.swift in Sources */ = {isa = PBXBuildFile; fileRef = 56993BF82401A84900C16CFF /* MainSceneCoordinator.swift */; };
		56993BFE2401A84900C16CFF /* MainSceneModel.swift in Sources */ = {isa = PBXBuildFile; fileRef = 56993BFA2401A84900C16CFF /* MainSceneModel.swift */; };
		56993BFF2401A84900C16CFF /* MainSceneViewModel.swift in Sources */ = {isa = PBXBuildFile; fileRef = 56993BFB2401A84900C16CFF /* MainSceneViewModel.swift */; };
		56993C042401B78400C16CFF /* TabBarSceneCoordinator.swift in Sources */ = {isa = PBXBuildFile; fileRef = 56993C002401B78400C16CFF /* TabBarSceneCoordinator.swift */; };
		56993C062401B78400C16CFF /* TabBarSceneModel.swift in Sources */ = {isa = PBXBuildFile; fileRef = 56993C022401B78400C16CFF /* TabBarSceneModel.swift */; };
		56993C072401B78400C16CFF /* TabBarSceneViewModel.swift in Sources */ = {isa = PBXBuildFile; fileRef = 56993C032401B78400C16CFF /* TabBarSceneViewModel.swift */; };
		56993C0C2401BD6D00C16CFF /* DailySceneCoordinator.swift in Sources */ = {isa = PBXBuildFile; fileRef = 56993C082401BD6D00C16CFF /* DailySceneCoordinator.swift */; };
		56993C0D2401BD6D00C16CFF /* DailySceneViewController.swift in Sources */ = {isa = PBXBuildFile; fileRef = 56993C092401BD6D00C16CFF /* DailySceneViewController.swift */; };
		56993C0E2401BD6D00C16CFF /* DailySceneModel.swift in Sources */ = {isa = PBXBuildFile; fileRef = 56993C0A2401BD6D00C16CFF /* DailySceneModel.swift */; };
		56993C0F2401BD6D00C16CFF /* DailySceneViewModel.swift in Sources */ = {isa = PBXBuildFile; fileRef = 56993C0B2401BD6D00C16CFF /* DailySceneViewModel.swift */; };
		56993C142401BDAA00C16CFF /* ExercisesSceneCoordinator.swift in Sources */ = {isa = PBXBuildFile; fileRef = 56993C102401BDAA00C16CFF /* ExercisesSceneCoordinator.swift */; };
		56993C152401BDAA00C16CFF /* ExercisesSceneViewController.swift in Sources */ = {isa = PBXBuildFile; fileRef = 56993C112401BDAA00C16CFF /* ExercisesSceneViewController.swift */; };
		56993C162401BDAA00C16CFF /* ExercisesSceneModel.swift in Sources */ = {isa = PBXBuildFile; fileRef = 56993C122401BDAA00C16CFF /* ExercisesSceneModel.swift */; };
		56993C172401BDAA00C16CFF /* ExercisesSceneViewModel.swift in Sources */ = {isa = PBXBuildFile; fileRef = 56993C132401BDAA00C16CFF /* ExercisesSceneViewModel.swift */; };
		56993C1C2401BDF500C16CFF /* TipsSceneCoordinator.swift in Sources */ = {isa = PBXBuildFile; fileRef = 56993C182401BDF500C16CFF /* TipsSceneCoordinator.swift */; };
		56993C1D2401BDF500C16CFF /* TipsSceneViewController.swift in Sources */ = {isa = PBXBuildFile; fileRef = 56993C192401BDF500C16CFF /* TipsSceneViewController.swift */; };
		56993C1E2401BDF500C16CFF /* TipsSceneModel.swift in Sources */ = {isa = PBXBuildFile; fileRef = 56993C1A2401BDF500C16CFF /* TipsSceneModel.swift */; };
		56993C1F2401BDF500C16CFF /* TipsSceneViewModel.swift in Sources */ = {isa = PBXBuildFile; fileRef = 56993C1B2401BDF500C16CFF /* TipsSceneViewModel.swift */; };
		56C7B4F22405C2DE00CC2C8D /* WorkOutSceneCoordinator.swift in Sources */ = {isa = PBXBuildFile; fileRef = 56C7B4EE2405C2DE00CC2C8D /* WorkOutSceneCoordinator.swift */; };
		56C7B4F32405C2DE00CC2C8D /* WorkOutSceneViewController.swift in Sources */ = {isa = PBXBuildFile; fileRef = 56C7B4EF2405C2DE00CC2C8D /* WorkOutSceneViewController.swift */; };
		56C7B4F42405C2DE00CC2C8D /* WorkOutSceneModel.swift in Sources */ = {isa = PBXBuildFile; fileRef = 56C7B4F02405C2DE00CC2C8D /* WorkOutSceneModel.swift */; };
		56C7B4F52405C2DE00CC2C8D /* WorkOutSceneViewModel.swift in Sources */ = {isa = PBXBuildFile; fileRef = 56C7B4F12405C2DE00CC2C8D /* WorkOutSceneViewModel.swift */; };
		56EE488D24153A5100FBEBEC /* ApiManager.swift in Sources */ = {isa = PBXBuildFile; fileRef = 56EE488C24153A5100FBEBEC /* ApiManager.swift */; };
		56EE4893241568FE00FBEBEC /* BaseWorkOutView.swift in Sources */ = {isa = PBXBuildFile; fileRef = 56EE4892241568FE00FBEBEC /* BaseWorkOutView.swift */; };
		AC12E32023FEBDFE007343A5 /* NewRegistSceneCoordinator.swift in Sources */ = {isa = PBXBuildFile; fileRef = AC12E31C23FEBDFE007343A5 /* NewRegistSceneCoordinator.swift */; };
		AC12E32223FEBDFE007343A5 /* NewRegistSceneModel.swift in Sources */ = {isa = PBXBuildFile; fileRef = AC12E31E23FEBDFE007343A5 /* NewRegistSceneModel.swift */; };
		AC12E32323FEBDFE007343A5 /* NewRegistSceneViewModel.swift in Sources */ = {isa = PBXBuildFile; fileRef = AC12E31F23FEBDFE007343A5 /* NewRegistSceneViewModel.swift */; };
		AC1A7FAA2409044E0058248D /* VerificationEmailPopupView.swift in Sources */ = {isa = PBXBuildFile; fileRef = AC1A7FA92409044E0058248D /* VerificationEmailPopupView.swift */; };
		AC1A7FAD240930B80058248D /* KeyboardManager.swift in Sources */ = {isa = PBXBuildFile; fileRef = AC1A7FAC240930B80058248D /* KeyboardManager.swift */; };
		AC21930A2412423B00F388C1 /* TodayWorkoutCell.swift in Sources */ = {isa = PBXBuildFile; fileRef = AC2193092412423B00F388C1 /* TodayWorkoutCell.swift */; };
		AC21930C241246D800F388C1 /* TomorrowWorkoutCell.swift in Sources */ = {isa = PBXBuildFile; fileRef = AC21930B241246D800F388C1 /* TomorrowWorkoutCell.swift */; };
		AC219311241273E800F388C1 /* DetailsWorkoutSceneCoordinator.swift in Sources */ = {isa = PBXBuildFile; fileRef = AC21930D241273E800F388C1 /* DetailsWorkoutSceneCoordinator.swift */; };
		AC219312241273E800F388C1 /* DetailsWorkoutSceneViewController.swift in Sources */ = {isa = PBXBuildFile; fileRef = AC21930E241273E800F388C1 /* DetailsWorkoutSceneViewController.swift */; };
		AC219313241273E800F388C1 /* DetailsWorkoutSceneModel.swift in Sources */ = {isa = PBXBuildFile; fileRef = AC21930F241273E800F388C1 /* DetailsWorkoutSceneModel.swift */; };
		AC219314241273E800F388C1 /* DetailsWorkoutSceneViewModel.swift in Sources */ = {isa = PBXBuildFile; fileRef = AC219310241273E800F388C1 /* DetailsWorkoutSceneViewModel.swift */; };
		AC21931A2412900400F388C1 /* MealSceneCoordinator.swift in Sources */ = {isa = PBXBuildFile; fileRef = AC2193162412900400F388C1 /* MealSceneCoordinator.swift */; };
		AC21931B2412900400F388C1 /* MealSceneViewController.swift in Sources */ = {isa = PBXBuildFile; fileRef = AC2193172412900400F388C1 /* MealSceneViewController.swift */; };
		AC21931C2412900400F388C1 /* MealSceneModel.swift in Sources */ = {isa = PBXBuildFile; fileRef = AC2193182412900400F388C1 /* MealSceneModel.swift */; };
		AC21931D2412900400F388C1 /* MealSceneViewModel.swift in Sources */ = {isa = PBXBuildFile; fileRef = AC2193192412900400F388C1 /* MealSceneViewModel.swift */; };
		AC4874EF24129B69007FE6A4 /* CaloriesView.swift in Sources */ = {isa = PBXBuildFile; fileRef = AC4874EE24129B69007FE6A4 /* CaloriesView.swift */; };
		AC4A00A32404247300764281 /* QuestionsSceneCoordinator.swift in Sources */ = {isa = PBXBuildFile; fileRef = AC4A009F2404247300764281 /* QuestionsSceneCoordinator.swift */; };
		AC4A00A42404247300764281 /* QuestionsSceneViewController.swift in Sources */ = {isa = PBXBuildFile; fileRef = AC4A00A02404247300764281 /* QuestionsSceneViewController.swift */; };
		AC4A00A52404247300764281 /* QuestionsSceneModel.swift in Sources */ = {isa = PBXBuildFile; fileRef = AC4A00A12404247300764281 /* QuestionsSceneModel.swift */; };
		AC4A00A62404247300764281 /* QuestionsSceneViewModel.swift in Sources */ = {isa = PBXBuildFile; fileRef = AC4A00A22404247300764281 /* QuestionsSceneViewModel.swift */; };
		AC4A783823FE7412003DD917 /* LoginSceneCoordinator.swift in Sources */ = {isa = PBXBuildFile; fileRef = AC4A783423FE7412003DD917 /* LoginSceneCoordinator.swift */; };
		AC4A783B23FE7412003DD917 /* LoginSceneViewModel.swift in Sources */ = {isa = PBXBuildFile; fileRef = AC4A783723FE7412003DD917 /* LoginSceneViewModel.swift */; };
		AC53618624003F7300E5204A /* SignUpSceneModel.swift in Sources */ = {isa = PBXBuildFile; fileRef = AC53618224003F7300E5204A /* SignUpSceneModel.swift */; };
		AC53618724003F7300E5204A /* SignUpSceneViewModel.swift in Sources */ = {isa = PBXBuildFile; fileRef = AC53618324003F7300E5204A /* SignUpSceneViewModel.swift */; };
		AC5515532413A4BD0093373D /* StackView.swift in Sources */ = {isa = PBXBuildFile; fileRef = AC5515522413A4BD0093373D /* StackView.swift */; };
		AC57A17E2417A009006E9144 /* BreakfastCell.swift in Sources */ = {isa = PBXBuildFile; fileRef = AC57A17D2417A009006E9144 /* BreakfastCell.swift */; };
		AC57A18024180AFA006E9144 /* MealHeaderView.swift in Sources */ = {isa = PBXBuildFile; fileRef = AC57A17F24180AFA006E9144 /* MealHeaderView.swift */; };
		AC61F5F623FD6D3500AFCA9A /* SceneDelegate.swift in Sources */ = {isa = PBXBuildFile; fileRef = 569FB0D723FC09500052B796 /* SceneDelegate.swift */; };
		AC61F5F723FD6D3900AFCA9A /* AppDelegate.swift in Sources */ = {isa = PBXBuildFile; fileRef = 569FB0D523FC09500052B796 /* AppDelegate.swift */; };
		AC70FFA5241F993E0064CEC5 /* SettingsSceneCoordinator.swift in Sources */ = {isa = PBXBuildFile; fileRef = AC70FFA1241F993E0064CEC5 /* SettingsSceneCoordinator.swift */; };
		AC70FFA6241F993E0064CEC5 /* SettingsSceneViewController.swift in Sources */ = {isa = PBXBuildFile; fileRef = AC70FFA2241F993E0064CEC5 /* SettingsSceneViewController.swift */; };
		AC70FFA7241F993E0064CEC5 /* SettingsSceneModel.swift in Sources */ = {isa = PBXBuildFile; fileRef = AC70FFA3241F993E0064CEC5 /* SettingsSceneModel.swift */; };
		AC70FFA8241F993E0064CEC5 /* SettingsSceneViewModel.swift in Sources */ = {isa = PBXBuildFile; fileRef = AC70FFA4241F993E0064CEC5 /* SettingsSceneViewModel.swift */; };
		AC70FFAA241F9B480064CEC5 /* UserView.swift in Sources */ = {isa = PBXBuildFile; fileRef = AC70FFA9241F9B480064CEC5 /* UserView.swift */; };
		AC70FFAC241F9B730064CEC5 /* GraphView.swift in Sources */ = {isa = PBXBuildFile; fileRef = AC70FFAB241F9B730064CEC5 /* GraphView.swift */; };
		AC70FFAE241F9B8F0064CEC5 /* MeasurementsView.swift in Sources */ = {isa = PBXBuildFile; fileRef = AC70FFAD241F9B8F0064CEC5 /* MeasurementsView.swift */; };
		AC738FBA2406A01B00CB7A39 /* HomeSceneCoordinator.swift in Sources */ = {isa = PBXBuildFile; fileRef = AC738FB62406A01B00CB7A39 /* HomeSceneCoordinator.swift */; };
		AC738FBB2406A01B00CB7A39 /* HomeSceneViewController.swift in Sources */ = {isa = PBXBuildFile; fileRef = AC738FB72406A01B00CB7A39 /* HomeSceneViewController.swift */; };
		AC738FBC2406A01B00CB7A39 /* HomeSceneModel.swift in Sources */ = {isa = PBXBuildFile; fileRef = AC738FB82406A01B00CB7A39 /* HomeSceneModel.swift */; };
		AC738FBD2406A01C00CB7A39 /* HomeSceneViewModel.swift in Sources */ = {isa = PBXBuildFile; fileRef = AC738FB92406A01B00CB7A39 /* HomeSceneViewModel.swift */; };
		AC738FC02406C18900CB7A39 /* HomeCell.swift in Sources */ = {isa = PBXBuildFile; fileRef = AC738FBF2406C18900CB7A39 /* HomeCell.swift */; };
		AC86C2242407C6950029D33E /* SlideSegmenControl.swift in Sources */ = {isa = PBXBuildFile; fileRef = AC86C2232407C6950029D33E /* SlideSegmenControl.swift */; };
		AC86C2272407CBFE0029D33E /* MealsView.swift in Sources */ = {isa = PBXBuildFile; fileRef = AC86C2262407CBFE0029D33E /* MealsView.swift */; };
		AC86C2292407CC110029D33E /* ExerciseView.swift in Sources */ = {isa = PBXBuildFile; fileRef = AC86C2282407CC110029D33E /* ExerciseView.swift */; };
		AC86C22B2407CC220029D33E /* SubscriptionView.swift in Sources */ = {isa = PBXBuildFile; fileRef = AC86C22A2407CC220029D33E /* SubscriptionView.swift */; };
		AC9E1DED2410F11000417E9A /* WorkoutSegmentView.swift in Sources */ = {isa = PBXBuildFile; fileRef = AC9E1DEC2410F11000417E9A /* WorkoutSegmentView.swift */; };
		AC9E1DF02410F32F00417E9A /* YesterdayWorkoutView.swift in Sources */ = {isa = PBXBuildFile; fileRef = AC9E1DEF2410F32F00417E9A /* YesterdayWorkoutView.swift */; };
		AC9E1DF22410F34D00417E9A /* TomorrowWorkoutView.swift in Sources */ = {isa = PBXBuildFile; fileRef = AC9E1DF12410F34D00417E9A /* TomorrowWorkoutView.swift */; };
		AC9E1DF42410F36000417E9A /* TodayWorkoutView.swift in Sources */ = {isa = PBXBuildFile; fileRef = AC9E1DF32410F36000417E9A /* TodayWorkoutView.swift */; };
		AC9E1DF724112A4F00417E9A /* YesterdayWorkoutCell.swift in Sources */ = {isa = PBXBuildFile; fileRef = AC9E1DF624112A4F00417E9A /* YesterdayWorkoutCell.swift */; };
		ACA3CE5124191D81001213AC /* MealsStorageSceneCoordinator.swift in Sources */ = {isa = PBXBuildFile; fileRef = ACA3CE4D24191D81001213AC /* MealsStorageSceneCoordinator.swift */; };
		ACA3CE5224191D81001213AC /* MealsStorageSceneViewController.swift in Sources */ = {isa = PBXBuildFile; fileRef = ACA3CE4E24191D81001213AC /* MealsStorageSceneViewController.swift */; };
		ACA3CE5324191D81001213AC /* MealsStorageSceneModel.swift in Sources */ = {isa = PBXBuildFile; fileRef = ACA3CE4F24191D81001213AC /* MealsStorageSceneModel.swift */; };
		ACA3CE5424191D81001213AC /* MealsStorageSceneViewModel.swift in Sources */ = {isa = PBXBuildFile; fileRef = ACA3CE5024191D81001213AC /* MealsStorageSceneViewModel.swift */; };
		ACA3CE56241929D6001213AC /* ClearPopupView.swift in Sources */ = {isa = PBXBuildFile; fileRef = ACA3CE55241929D6001213AC /* ClearPopupView.swift */; };
		ACACD456241A31050017D4D7 /* AddPopupView.swift in Sources */ = {isa = PBXBuildFile; fileRef = ACACD455241A31050017D4D7 /* AddPopupView.swift */; };
		ACACD45B241B8C980017D4D7 /* SearchMealsSceneCoordinator.swift in Sources */ = {isa = PBXBuildFile; fileRef = ACACD457241B8C980017D4D7 /* SearchMealsSceneCoordinator.swift */; };
		ACACD45C241B8C980017D4D7 /* SearchMealsSceneViewController.swift in Sources */ = {isa = PBXBuildFile; fileRef = ACACD458241B8C980017D4D7 /* SearchMealsSceneViewController.swift */; };
		ACACD45D241B8C980017D4D7 /* SearchMealsSceneModel.swift in Sources */ = {isa = PBXBuildFile; fileRef = ACACD459241B8C980017D4D7 /* SearchMealsSceneModel.swift */; };
		ACACD45E241B8C980017D4D7 /* SearchMealsSceneViewModel.swift in Sources */ = {isa = PBXBuildFile; fileRef = ACACD45A241B8C980017D4D7 /* SearchMealsSceneViewModel.swift */; };
		ACACD460241BB41B0017D4D7 /* PreviewImagePagerView.swift in Sources */ = {isa = PBXBuildFile; fileRef = ACACD45F241BB41B0017D4D7 /* PreviewImagePagerView.swift */; };
		ACAFEC9A2405176E00C8AEBB /* ExerciseCell.swift in Sources */ = {isa = PBXBuildFile; fileRef = ACAFEC992405176E00C8AEBB /* ExerciseCell.swift */; };
		ACAFEC9D24051FC200C8AEBB /* TipsCell.swift in Sources */ = {isa = PBXBuildFile; fileRef = ACAFEC9C24051FC200C8AEBB /* TipsCell.swift */; };
		ACBF700F2424C7CB00FFEAC8 /* ContactUsSceneCoordinator.swift in Sources */ = {isa = PBXBuildFile; fileRef = ACBF700B2424C7CB00FFEAC8 /* ContactUsSceneCoordinator.swift */; };
		ACBF70102424C7CB00FFEAC8 /* ContactUsSceneViewController.swift in Sources */ = {isa = PBXBuildFile; fileRef = ACBF700C2424C7CB00FFEAC8 /* ContactUsSceneViewController.swift */; };
		ACBF70112424C7CB00FFEAC8 /* ContactUsSceneModel.swift in Sources */ = {isa = PBXBuildFile; fileRef = ACBF700D2424C7CB00FFEAC8 /* ContactUsSceneModel.swift */; };
		ACBF70122424C7CB00FFEAC8 /* ContactUsSceneViewModel.swift in Sources */ = {isa = PBXBuildFile; fileRef = ACBF700E2424C7CB00FFEAC8 /* ContactUsSceneViewModel.swift */; };
		ACCD39B92421068100D97A11 /* TipsMenuCell.swift in Sources */ = {isa = PBXBuildFile; fileRef = ACCD39B82421068100D97A11 /* TipsMenuCell.swift */; };
		ACCD39BB24210A2D00D97A11 /* TipsMenuView.swift in Sources */ = {isa = PBXBuildFile; fileRef = ACCD39BA24210A2D00D97A11 /* TipsMenuView.swift */; };
		ACCED1C023FE8AB9000EB2DB /* TextField.swift in Sources */ = {isa = PBXBuildFile; fileRef = ACCED1BF23FE8AB9000EB2DB /* TextField.swift */; };
		ACCED1C223FE8D1E000EB2DB /* BezierPath+Ext.swift in Sources */ = {isa = PBXBuildFile; fileRef = ACCED1C123FE8D1E000EB2DB /* BezierPath+Ext.swift */; };
		ACCED1C623FE8DA3000EB2DB /* Label.swift in Sources */ = {isa = PBXBuildFile; fileRef = ACCED1C423FE8DA2000EB2DB /* Label.swift */; };
		ACCED1C723FE8DA3000EB2DB /* Button.swift in Sources */ = {isa = PBXBuildFile; fileRef = ACCED1C523FE8DA3000EB2DB /* Button.swift */; };
		ACCED1CC23FEA713000EB2DB /* ForgotPassSceneCoordinator.swift in Sources */ = {isa = PBXBuildFile; fileRef = ACCED1C823FEA713000EB2DB /* ForgotPassSceneCoordinator.swift */; };
		ACCED1CE23FEA713000EB2DB /* ForgotPassSceneModel.swift in Sources */ = {isa = PBXBuildFile; fileRef = ACCED1CA23FEA713000EB2DB /* ForgotPassSceneModel.swift */; };
		ACCED1CF23FEA713000EB2DB /* ForgotPassSceneViewModel.swift in Sources */ = {isa = PBXBuildFile; fileRef = ACCED1CB23FEA713000EB2DB /* ForgotPassSceneViewModel.swift */; };
		ACEFD7F12401CA3A00C2EED8 /* LoginSceneModel.swift in Sources */ = {isa = PBXBuildFile; fileRef = ACEFD7F02401CA3A00C2EED8 /* LoginSceneModel.swift */; };
		ACEFE8D223FD798C0049960B /* SignInSceneModel.swift in Sources */ = {isa = PBXBuildFile; fileRef = ACEFE8CE23FD798C0049960B /* SignInSceneModel.swift */; };
		ACEFE8D323FD798C0049960B /* SignInSceneViewModel.swift in Sources */ = {isa = PBXBuildFile; fileRef = ACEFE8CF23FD798C0049960B /* SignInSceneViewModel.swift */; };
/* End PBXBuildFile section */

/* Begin PBXFileReference section */
		0246DC5AC07BDDF4EDE91CC9 /* Pods-Ms Fit.dev.xcconfig */ = {isa = PBXFileReference; includeInIndex = 1; lastKnownFileType = text.xcconfig; name = "Pods-Ms Fit.dev.xcconfig"; path = "Target Support Files/Pods-Ms Fit/Pods-Ms Fit.dev.xcconfig"; sourceTree = "<group>"; };
		446EC7B18DD8760A775FF0E1 /* Pods-Ms Fit.stg.xcconfig */ = {isa = PBXFileReference; includeInIndex = 1; lastKnownFileType = text.xcconfig; name = "Pods-Ms Fit.stg.xcconfig"; path = "Target Support Files/Pods-Ms Fit/Pods-Ms Fit.stg.xcconfig"; sourceTree = "<group>"; };
		564A672723FC2F3400D4901A /* Dependency.swift */ = {isa = PBXFileReference; lastKnownFileType = sourcecode.swift; path = Dependency.swift; sourceTree = "<group>"; };
		564A672A23FC2FB000D4901A /* AppCoordinator.swift */ = {isa = PBXFileReference; lastKnownFileType = sourcecode.swift; path = AppCoordinator.swift; sourceTree = "<group>"; };
		564A672C23FC2FD000D4901A /* BaseCoordinator.swift */ = {isa = PBXFileReference; lastKnownFileType = sourcecode.swift; path = BaseCoordinator.swift; sourceTree = "<group>"; };
		564A673D23FC6E4600D4901A /* SlimLogglyDestination.swift */ = {isa = PBXFileReference; fileEncoding = 4; lastKnownFileType = sourcecode.swift; path = SlimLogglyDestination.swift; sourceTree = "<group>"; };
		564A673E23FC6E4600D4901A /* SlimLogglyDestinationConfig.swift */ = {isa = PBXFileReference; fileEncoding = 4; lastKnownFileType = sourcecode.swift; path = SlimLogglyDestinationConfig.swift; sourceTree = "<group>"; };
		564A673F23FC6E4700D4901A /* SlimLogger.swift */ = {isa = PBXFileReference; fileEncoding = 4; lastKnownFileType = sourcecode.swift; path = SlimLogger.swift; sourceTree = "<group>"; };
		564A674023FC6E4700D4901A /* SlimLoggerConfig.swift */ = {isa = PBXFileReference; fileEncoding = 4; lastKnownFileType = sourcecode.swift; path = SlimLoggerConfig.swift; sourceTree = "<group>"; };
		564A674123FC6E4700D4901A /* Logger.swift */ = {isa = PBXFileReference; fileEncoding = 4; lastKnownFileType = sourcecode.swift; path = Logger.swift; sourceTree = "<group>"; };
		564A674723FC6E6E00D4901A /* BaseViewController.swift */ = {isa = PBXFileReference; lastKnownFileType = sourcecode.swift; path = BaseViewController.swift; sourceTree = "<group>"; };
		564A674923FC6E9800D4901A /* BaseViewModel.swift */ = {isa = PBXFileReference; lastKnownFileType = sourcecode.swift; path = BaseViewModel.swift; sourceTree = "<group>"; };
		564A674B23FC6ECE00D4901A /* Constants.swift */ = {isa = PBXFileReference; lastKnownFileType = sourcecode.swift; path = Constants.swift; sourceTree = "<group>"; };
		564A674D23FC6EE700D4901A /* Environment.swift */ = {isa = PBXFileReference; lastKnownFileType = sourcecode.swift; path = Environment.swift; sourceTree = "<group>"; };
		564A675123FC701600D4901A /* SplashSceneCoordinator.swift */ = {isa = PBXFileReference; lastKnownFileType = sourcecode.swift; path = SplashSceneCoordinator.swift; sourceTree = "<group>"; };
		564A675423FC701600D4901A /* SplashSceneViewModel.swift */ = {isa = PBXFileReference; lastKnownFileType = sourcecode.swift; path = SplashSceneViewModel.swift; sourceTree = "<group>"; };
		564A675A23FC76B100D4901A /* UIView+Ext.swift */ = {isa = PBXFileReference; fileEncoding = 4; lastKnownFileType = sourcecode.swift; path = "UIView+Ext.swift"; sourceTree = "<group>"; };
		564A675B23FC76B100D4901A /* GenericCollection+Ext.swift */ = {isa = PBXFileReference; fileEncoding = 4; lastKnownFileType = sourcecode.swift; path = "GenericCollection+Ext.swift"; sourceTree = "<group>"; };
		564A675C23FC76B100D4901A /* NSLayoutConstraint+Ext.swift */ = {isa = PBXFileReference; fileEncoding = 4; lastKnownFileType = sourcecode.swift; path = "NSLayoutConstraint+Ext.swift"; sourceTree = "<group>"; };
		564A675D23FC76B100D4901A /* Path+Ext.swift */ = {isa = PBXFileReference; fileEncoding = 4; lastKnownFileType = sourcecode.swift; path = "Path+Ext.swift"; sourceTree = "<group>"; };
		564A675E23FC76B100D4901A /* String+Ext.swift */ = {isa = PBXFileReference; fileEncoding = 4; lastKnownFileType = sourcecode.swift; path = "String+Ext.swift"; sourceTree = "<group>"; };
		564A675F23FC76B100D4901A /* Reactive+Ext.swift */ = {isa = PBXFileReference; fileEncoding = 4; lastKnownFileType = sourcecode.swift; path = "Reactive+Ext.swift"; sourceTree = "<group>"; };
		564A676623FC821F00D4901A /* OnboardSceneCoordinator.swift */ = {isa = PBXFileReference; lastKnownFileType = sourcecode.swift; path = OnboardSceneCoordinator.swift; sourceTree = "<group>"; };
		564A676823FC821F00D4901A /* OnboardSceneModel.swift */ = {isa = PBXFileReference; lastKnownFileType = sourcecode.swift; path = OnboardSceneModel.swift; sourceTree = "<group>"; };
		564A676923FC821F00D4901A /* OnboardSceneViewModel.swift */ = {isa = PBXFileReference; lastKnownFileType = sourcecode.swift; path = OnboardSceneViewModel.swift; sourceTree = "<group>"; };
		566C2D83240440040006108B /* SignInSceneCoordinator.swift */ = {isa = PBXFileReference; fileEncoding = 4; lastKnownFileType = sourcecode.swift; path = SignInSceneCoordinator.swift; sourceTree = "<group>"; };
		566C2D8B2404423E0006108B /* SignUpSceneCoordinator.swift */ = {isa = PBXFileReference; fileEncoding = 4; lastKnownFileType = sourcecode.swift; path = SignUpSceneCoordinator.swift; sourceTree = "<group>"; };
		566C2D8F240443770006108B /* MainSceneViewController.swift */ = {isa = PBXFileReference; fileEncoding = 4; lastKnownFileType = sourcecode.swift; path = MainSceneViewController.swift; sourceTree = "<group>"; };
		566C2D90240443770006108B /* TabBarSceneViewController.swift */ = {isa = PBXFileReference; fileEncoding = 4; lastKnownFileType = sourcecode.swift; path = TabBarSceneViewController.swift; sourceTree = "<group>"; };
		566C2D94240443800006108B /* SplashSceneViewController.swift */ = {isa = PBXFileReference; fileEncoding = 4; lastKnownFileType = sourcecode.swift; path = SplashSceneViewController.swift; sourceTree = "<group>"; };
		566C2D95240443800006108B /* OnboardSceneViewController.swift */ = {isa = PBXFileReference; fileEncoding = 4; lastKnownFileType = sourcecode.swift; path = OnboardSceneViewController.swift; sourceTree = "<group>"; };
		566C2DA3240444080006108B /* SignUpSceneViewController.swift */ = {isa = PBXFileReference; fileEncoding = 4; lastKnownFileType = sourcecode.swift; path = SignUpSceneViewController.swift; sourceTree = "<group>"; };
		566C2DA4240444080006108B /* NewRegistSceneViewController.swift */ = {isa = PBXFileReference; fileEncoding = 4; lastKnownFileType = sourcecode.swift; path = NewRegistSceneViewController.swift; sourceTree = "<group>"; };
		566C2DA5240444080006108B /* LoginSceneViewController.swift */ = {isa = PBXFileReference; fileEncoding = 4; lastKnownFileType = sourcecode.swift; path = LoginSceneViewController.swift; sourceTree = "<group>"; };
		566C2DA6240444080006108B /* ForgotPassSceneViewController.swift */ = {isa = PBXFileReference; fileEncoding = 4; lastKnownFileType = sourcecode.swift; path = ForgotPassSceneViewController.swift; sourceTree = "<group>"; };
		566C2DA7240444080006108B /* SignInSceneViewController.swift */ = {isa = PBXFileReference; fileEncoding = 4; lastKnownFileType = sourcecode.swift; path = SignInSceneViewController.swift; sourceTree = "<group>"; };
		56993BF82401A84900C16CFF /* MainSceneCoordinator.swift */ = {isa = PBXFileReference; lastKnownFileType = sourcecode.swift; path = MainSceneCoordinator.swift; sourceTree = "<group>"; };
		56993BFA2401A84900C16CFF /* MainSceneModel.swift */ = {isa = PBXFileReference; lastKnownFileType = sourcecode.swift; path = MainSceneModel.swift; sourceTree = "<group>"; };
		56993BFB2401A84900C16CFF /* MainSceneViewModel.swift */ = {isa = PBXFileReference; lastKnownFileType = sourcecode.swift; path = MainSceneViewModel.swift; sourceTree = "<group>"; };
		56993C002401B78400C16CFF /* TabBarSceneCoordinator.swift */ = {isa = PBXFileReference; lastKnownFileType = sourcecode.swift; path = TabBarSceneCoordinator.swift; sourceTree = "<group>"; };
		56993C022401B78400C16CFF /* TabBarSceneModel.swift */ = {isa = PBXFileReference; lastKnownFileType = sourcecode.swift; path = TabBarSceneModel.swift; sourceTree = "<group>"; };
		56993C032401B78400C16CFF /* TabBarSceneViewModel.swift */ = {isa = PBXFileReference; lastKnownFileType = sourcecode.swift; path = TabBarSceneViewModel.swift; sourceTree = "<group>"; };
		56993C082401BD6D00C16CFF /* DailySceneCoordinator.swift */ = {isa = PBXFileReference; lastKnownFileType = sourcecode.swift; path = DailySceneCoordinator.swift; sourceTree = "<group>"; };
		56993C092401BD6D00C16CFF /* DailySceneViewController.swift */ = {isa = PBXFileReference; lastKnownFileType = sourcecode.swift; path = DailySceneViewController.swift; sourceTree = "<group>"; };
		56993C0A2401BD6D00C16CFF /* DailySceneModel.swift */ = {isa = PBXFileReference; lastKnownFileType = sourcecode.swift; path = DailySceneModel.swift; sourceTree = "<group>"; };
		56993C0B2401BD6D00C16CFF /* DailySceneViewModel.swift */ = {isa = PBXFileReference; lastKnownFileType = sourcecode.swift; path = DailySceneViewModel.swift; sourceTree = "<group>"; };
		56993C102401BDAA00C16CFF /* ExercisesSceneCoordinator.swift */ = {isa = PBXFileReference; lastKnownFileType = sourcecode.swift; path = ExercisesSceneCoordinator.swift; sourceTree = "<group>"; };
		56993C112401BDAA00C16CFF /* ExercisesSceneViewController.swift */ = {isa = PBXFileReference; lastKnownFileType = sourcecode.swift; path = ExercisesSceneViewController.swift; sourceTree = "<group>"; };
		56993C122401BDAA00C16CFF /* ExercisesSceneModel.swift */ = {isa = PBXFileReference; lastKnownFileType = sourcecode.swift; path = ExercisesSceneModel.swift; sourceTree = "<group>"; };
		56993C132401BDAA00C16CFF /* ExercisesSceneViewModel.swift */ = {isa = PBXFileReference; lastKnownFileType = sourcecode.swift; path = ExercisesSceneViewModel.swift; sourceTree = "<group>"; };
		56993C182401BDF500C16CFF /* TipsSceneCoordinator.swift */ = {isa = PBXFileReference; lastKnownFileType = sourcecode.swift; path = TipsSceneCoordinator.swift; sourceTree = "<group>"; };
		56993C192401BDF500C16CFF /* TipsSceneViewController.swift */ = {isa = PBXFileReference; lastKnownFileType = sourcecode.swift; path = TipsSceneViewController.swift; sourceTree = "<group>"; };
		56993C1A2401BDF500C16CFF /* TipsSceneModel.swift */ = {isa = PBXFileReference; lastKnownFileType = sourcecode.swift; path = TipsSceneModel.swift; sourceTree = "<group>"; };
		56993C1B2401BDF500C16CFF /* TipsSceneViewModel.swift */ = {isa = PBXFileReference; lastKnownFileType = sourcecode.swift; path = TipsSceneViewModel.swift; sourceTree = "<group>"; };
		569FB0D523FC09500052B796 /* AppDelegate.swift */ = {isa = PBXFileReference; lastKnownFileType = sourcecode.swift; path = AppDelegate.swift; sourceTree = "<group>"; };
		569FB0D723FC09500052B796 /* SceneDelegate.swift */ = {isa = PBXFileReference; lastKnownFileType = sourcecode.swift; path = SceneDelegate.swift; sourceTree = "<group>"; };
		569FB0DE23FC09530052B796 /* Assets.xcassets */ = {isa = PBXFileReference; lastKnownFileType = folder.assetcatalog; path = Assets.xcassets; sourceTree = "<group>"; };
		569FB0E323FC09530052B796 /* Info.plist */ = {isa = PBXFileReference; lastKnownFileType = text.plist.xml; path = Info.plist; sourceTree = "<group>"; };
		569FB0ED23FC106B0052B796 /* Ms Fit.app */ = {isa = PBXFileReference; explicitFileType = wrapper.application; includeInIndex = 0; path = "Ms Fit.app"; sourceTree = BUILT_PRODUCTS_DIR; };
		56C7B4EE2405C2DE00CC2C8D /* WorkOutSceneCoordinator.swift */ = {isa = PBXFileReference; lastKnownFileType = sourcecode.swift; path = WorkOutSceneCoordinator.swift; sourceTree = "<group>"; };
		56C7B4EF2405C2DE00CC2C8D /* WorkOutSceneViewController.swift */ = {isa = PBXFileReference; lastKnownFileType = sourcecode.swift; path = WorkOutSceneViewController.swift; sourceTree = "<group>"; };
		56C7B4F02405C2DE00CC2C8D /* WorkOutSceneModel.swift */ = {isa = PBXFileReference; lastKnownFileType = sourcecode.swift; path = WorkOutSceneModel.swift; sourceTree = "<group>"; };
		56C7B4F12405C2DE00CC2C8D /* WorkOutSceneViewModel.swift */ = {isa = PBXFileReference; lastKnownFileType = sourcecode.swift; path = WorkOutSceneViewModel.swift; sourceTree = "<group>"; };
		56EE488C24153A5100FBEBEC /* ApiManager.swift */ = {isa = PBXFileReference; lastKnownFileType = sourcecode.swift; path = ApiManager.swift; sourceTree = "<group>"; };
		56EE4892241568FE00FBEBEC /* BaseWorkOutView.swift */ = {isa = PBXFileReference; lastKnownFileType = sourcecode.swift; path = BaseWorkOutView.swift; sourceTree = "<group>"; };
		60C34FA39CA150B7BB135E80 /* Pods-Ms Fit.release.xcconfig */ = {isa = PBXFileReference; includeInIndex = 1; lastKnownFileType = text.xcconfig; name = "Pods-Ms Fit.release.xcconfig"; path = "Target Support Files/Pods-Ms Fit/Pods-Ms Fit.release.xcconfig"; sourceTree = "<group>"; };
		AC12E31C23FEBDFE007343A5 /* NewRegistSceneCoordinator.swift */ = {isa = PBXFileReference; lastKnownFileType = sourcecode.swift; path = NewRegistSceneCoordinator.swift; sourceTree = "<group>"; };
		AC12E31E23FEBDFE007343A5 /* NewRegistSceneModel.swift */ = {isa = PBXFileReference; lastKnownFileType = sourcecode.swift; path = NewRegistSceneModel.swift; sourceTree = "<group>"; };
		AC12E31F23FEBDFE007343A5 /* NewRegistSceneViewModel.swift */ = {isa = PBXFileReference; lastKnownFileType = sourcecode.swift; path = NewRegistSceneViewModel.swift; sourceTree = "<group>"; };
		AC1A7FA92409044E0058248D /* VerificationEmailPopupView.swift */ = {isa = PBXFileReference; lastKnownFileType = sourcecode.swift; path = VerificationEmailPopupView.swift; sourceTree = "<group>"; };
		AC1A7FAC240930B80058248D /* KeyboardManager.swift */ = {isa = PBXFileReference; fileEncoding = 4; lastKnownFileType = sourcecode.swift; path = KeyboardManager.swift; sourceTree = "<group>"; };
		AC2193092412423B00F388C1 /* TodayWorkoutCell.swift */ = {isa = PBXFileReference; lastKnownFileType = sourcecode.swift; path = TodayWorkoutCell.swift; sourceTree = "<group>"; };
		AC21930B241246D800F388C1 /* TomorrowWorkoutCell.swift */ = {isa = PBXFileReference; lastKnownFileType = sourcecode.swift; path = TomorrowWorkoutCell.swift; sourceTree = "<group>"; };
		AC21930D241273E800F388C1 /* DetailsWorkoutSceneCoordinator.swift */ = {isa = PBXFileReference; lastKnownFileType = sourcecode.swift; path = DetailsWorkoutSceneCoordinator.swift; sourceTree = "<group>"; };
		AC21930E241273E800F388C1 /* DetailsWorkoutSceneViewController.swift */ = {isa = PBXFileReference; lastKnownFileType = sourcecode.swift; path = DetailsWorkoutSceneViewController.swift; sourceTree = "<group>"; };
		AC21930F241273E800F388C1 /* DetailsWorkoutSceneModel.swift */ = {isa = PBXFileReference; lastKnownFileType = sourcecode.swift; path = DetailsWorkoutSceneModel.swift; sourceTree = "<group>"; };
		AC219310241273E800F388C1 /* DetailsWorkoutSceneViewModel.swift */ = {isa = PBXFileReference; lastKnownFileType = sourcecode.swift; path = DetailsWorkoutSceneViewModel.swift; sourceTree = "<group>"; };
		AC2193162412900400F388C1 /* MealSceneCoordinator.swift */ = {isa = PBXFileReference; lastKnownFileType = sourcecode.swift; path = MealSceneCoordinator.swift; sourceTree = "<group>"; };
		AC2193172412900400F388C1 /* MealSceneViewController.swift */ = {isa = PBXFileReference; lastKnownFileType = sourcecode.swift; path = MealSceneViewController.swift; sourceTree = "<group>"; };
		AC2193182412900400F388C1 /* MealSceneModel.swift */ = {isa = PBXFileReference; lastKnownFileType = sourcecode.swift; path = MealSceneModel.swift; sourceTree = "<group>"; };
		AC2193192412900400F388C1 /* MealSceneViewModel.swift */ = {isa = PBXFileReference; lastKnownFileType = sourcecode.swift; path = MealSceneViewModel.swift; sourceTree = "<group>"; };
		AC4874EE24129B69007FE6A4 /* CaloriesView.swift */ = {isa = PBXFileReference; lastKnownFileType = sourcecode.swift; path = CaloriesView.swift; sourceTree = "<group>"; };
		AC4A009F2404247300764281 /* QuestionsSceneCoordinator.swift */ = {isa = PBXFileReference; lastKnownFileType = sourcecode.swift; path = QuestionsSceneCoordinator.swift; sourceTree = "<group>"; };
		AC4A00A02404247300764281 /* QuestionsSceneViewController.swift */ = {isa = PBXFileReference; lastKnownFileType = sourcecode.swift; path = QuestionsSceneViewController.swift; sourceTree = "<group>"; };
		AC4A00A12404247300764281 /* QuestionsSceneModel.swift */ = {isa = PBXFileReference; lastKnownFileType = sourcecode.swift; path = QuestionsSceneModel.swift; sourceTree = "<group>"; };
		AC4A00A22404247300764281 /* QuestionsSceneViewModel.swift */ = {isa = PBXFileReference; lastKnownFileType = sourcecode.swift; path = QuestionsSceneViewModel.swift; sourceTree = "<group>"; };
		AC4A783423FE7412003DD917 /* LoginSceneCoordinator.swift */ = {isa = PBXFileReference; lastKnownFileType = sourcecode.swift; path = LoginSceneCoordinator.swift; sourceTree = "<group>"; };
		AC4A783723FE7412003DD917 /* LoginSceneViewModel.swift */ = {isa = PBXFileReference; lastKnownFileType = sourcecode.swift; path = LoginSceneViewModel.swift; sourceTree = "<group>"; };
		AC53618224003F7300E5204A /* SignUpSceneModel.swift */ = {isa = PBXFileReference; lastKnownFileType = sourcecode.swift; path = SignUpSceneModel.swift; sourceTree = "<group>"; };
		AC53618324003F7300E5204A /* SignUpSceneViewModel.swift */ = {isa = PBXFileReference; lastKnownFileType = sourcecode.swift; path = SignUpSceneViewModel.swift; sourceTree = "<group>"; };
		AC5515522413A4BD0093373D /* StackView.swift */ = {isa = PBXFileReference; fileEncoding = 4; lastKnownFileType = sourcecode.swift; path = StackView.swift; sourceTree = "<group>"; };
		AC57A17D2417A009006E9144 /* BreakfastCell.swift */ = {isa = PBXFileReference; lastKnownFileType = sourcecode.swift; path = BreakfastCell.swift; sourceTree = "<group>"; };
		AC57A17F24180AFA006E9144 /* MealHeaderView.swift */ = {isa = PBXFileReference; lastKnownFileType = sourcecode.swift; path = MealHeaderView.swift; sourceTree = "<group>"; };
		AC70FFA1241F993E0064CEC5 /* SettingsSceneCoordinator.swift */ = {isa = PBXFileReference; lastKnownFileType = sourcecode.swift; path = SettingsSceneCoordinator.swift; sourceTree = "<group>"; };
		AC70FFA2241F993E0064CEC5 /* SettingsSceneViewController.swift */ = {isa = PBXFileReference; lastKnownFileType = sourcecode.swift; path = SettingsSceneViewController.swift; sourceTree = "<group>"; };
		AC70FFA3241F993E0064CEC5 /* SettingsSceneModel.swift */ = {isa = PBXFileReference; lastKnownFileType = sourcecode.swift; path = SettingsSceneModel.swift; sourceTree = "<group>"; };
		AC70FFA4241F993E0064CEC5 /* SettingsSceneViewModel.swift */ = {isa = PBXFileReference; lastKnownFileType = sourcecode.swift; path = SettingsSceneViewModel.swift; sourceTree = "<group>"; };
		AC70FFA9241F9B480064CEC5 /* UserView.swift */ = {isa = PBXFileReference; lastKnownFileType = sourcecode.swift; path = UserView.swift; sourceTree = "<group>"; };
		AC70FFAB241F9B730064CEC5 /* GraphView.swift */ = {isa = PBXFileReference; lastKnownFileType = sourcecode.swift; path = GraphView.swift; sourceTree = "<group>"; };
		AC70FFAD241F9B8F0064CEC5 /* MeasurementsView.swift */ = {isa = PBXFileReference; lastKnownFileType = sourcecode.swift; path = MeasurementsView.swift; sourceTree = "<group>"; };
		AC738FB62406A01B00CB7A39 /* HomeSceneCoordinator.swift */ = {isa = PBXFileReference; lastKnownFileType = sourcecode.swift; path = HomeSceneCoordinator.swift; sourceTree = "<group>"; };
		AC738FB72406A01B00CB7A39 /* HomeSceneViewController.swift */ = {isa = PBXFileReference; lastKnownFileType = sourcecode.swift; path = HomeSceneViewController.swift; sourceTree = "<group>"; };
		AC738FB82406A01B00CB7A39 /* HomeSceneModel.swift */ = {isa = PBXFileReference; lastKnownFileType = sourcecode.swift; path = HomeSceneModel.swift; sourceTree = "<group>"; };
		AC738FB92406A01B00CB7A39 /* HomeSceneViewModel.swift */ = {isa = PBXFileReference; lastKnownFileType = sourcecode.swift; path = HomeSceneViewModel.swift; sourceTree = "<group>"; };
		AC738FBF2406C18900CB7A39 /* HomeCell.swift */ = {isa = PBXFileReference; lastKnownFileType = sourcecode.swift; path = HomeCell.swift; sourceTree = "<group>"; };
		AC86C2232407C6950029D33E /* SlideSegmenControl.swift */ = {isa = PBXFileReference; fileEncoding = 4; lastKnownFileType = sourcecode.swift; path = SlideSegmenControl.swift; sourceTree = "<group>"; };
		AC86C2262407CBFE0029D33E /* MealsView.swift */ = {isa = PBXFileReference; lastKnownFileType = sourcecode.swift; path = MealsView.swift; sourceTree = "<group>"; };
		AC86C2282407CC110029D33E /* ExerciseView.swift */ = {isa = PBXFileReference; lastKnownFileType = sourcecode.swift; path = ExerciseView.swift; sourceTree = "<group>"; };
		AC86C22A2407CC220029D33E /* SubscriptionView.swift */ = {isa = PBXFileReference; lastKnownFileType = sourcecode.swift; path = SubscriptionView.swift; sourceTree = "<group>"; };
		AC9E1DEC2410F11000417E9A /* WorkoutSegmentView.swift */ = {isa = PBXFileReference; lastKnownFileType = sourcecode.swift; path = WorkoutSegmentView.swift; sourceTree = "<group>"; };
		AC9E1DEF2410F32F00417E9A /* YesterdayWorkoutView.swift */ = {isa = PBXFileReference; lastKnownFileType = sourcecode.swift; path = YesterdayWorkoutView.swift; sourceTree = "<group>"; };
		AC9E1DF12410F34D00417E9A /* TomorrowWorkoutView.swift */ = {isa = PBXFileReference; lastKnownFileType = sourcecode.swift; path = TomorrowWorkoutView.swift; sourceTree = "<group>"; };
		AC9E1DF32410F36000417E9A /* TodayWorkoutView.swift */ = {isa = PBXFileReference; lastKnownFileType = sourcecode.swift; path = TodayWorkoutView.swift; sourceTree = "<group>"; };
		AC9E1DF624112A4F00417E9A /* YesterdayWorkoutCell.swift */ = {isa = PBXFileReference; lastKnownFileType = sourcecode.swift; path = YesterdayWorkoutCell.swift; sourceTree = "<group>"; };
		ACA3CE4D24191D81001213AC /* MealsStorageSceneCoordinator.swift */ = {isa = PBXFileReference; lastKnownFileType = sourcecode.swift; path = MealsStorageSceneCoordinator.swift; sourceTree = "<group>"; };
		ACA3CE4E24191D81001213AC /* MealsStorageSceneViewController.swift */ = {isa = PBXFileReference; lastKnownFileType = sourcecode.swift; path = MealsStorageSceneViewController.swift; sourceTree = "<group>"; };
		ACA3CE4F24191D81001213AC /* MealsStorageSceneModel.swift */ = {isa = PBXFileReference; lastKnownFileType = sourcecode.swift; path = MealsStorageSceneModel.swift; sourceTree = "<group>"; };
		ACA3CE5024191D81001213AC /* MealsStorageSceneViewModel.swift */ = {isa = PBXFileReference; lastKnownFileType = sourcecode.swift; path = MealsStorageSceneViewModel.swift; sourceTree = "<group>"; };
		ACA3CE55241929D6001213AC /* ClearPopupView.swift */ = {isa = PBXFileReference; lastKnownFileType = sourcecode.swift; path = ClearPopupView.swift; sourceTree = "<group>"; };
		ACACD455241A31050017D4D7 /* AddPopupView.swift */ = {isa = PBXFileReference; lastKnownFileType = sourcecode.swift; path = AddPopupView.swift; sourceTree = "<group>"; };
		ACACD457241B8C980017D4D7 /* SearchMealsSceneCoordinator.swift */ = {isa = PBXFileReference; lastKnownFileType = sourcecode.swift; path = SearchMealsSceneCoordinator.swift; sourceTree = "<group>"; };
		ACACD458241B8C980017D4D7 /* SearchMealsSceneViewController.swift */ = {isa = PBXFileReference; lastKnownFileType = sourcecode.swift; path = SearchMealsSceneViewController.swift; sourceTree = "<group>"; };
		ACACD459241B8C980017D4D7 /* SearchMealsSceneModel.swift */ = {isa = PBXFileReference; lastKnownFileType = sourcecode.swift; path = SearchMealsSceneModel.swift; sourceTree = "<group>"; };
		ACACD45A241B8C980017D4D7 /* SearchMealsSceneViewModel.swift */ = {isa = PBXFileReference; lastKnownFileType = sourcecode.swift; path = SearchMealsSceneViewModel.swift; sourceTree = "<group>"; };
		ACACD45F241BB41B0017D4D7 /* PreviewImagePagerView.swift */ = {isa = PBXFileReference; lastKnownFileType = sourcecode.swift; path = PreviewImagePagerView.swift; sourceTree = "<group>"; };
		ACAFEC992405176E00C8AEBB /* ExerciseCell.swift */ = {isa = PBXFileReference; fileEncoding = 4; lastKnownFileType = sourcecode.swift; path = ExerciseCell.swift; sourceTree = "<group>"; };
		ACAFEC9C24051FC200C8AEBB /* TipsCell.swift */ = {isa = PBXFileReference; lastKnownFileType = sourcecode.swift; path = TipsCell.swift; sourceTree = "<group>"; };
		ACBF700B2424C7CB00FFEAC8 /* ContactUsSceneCoordinator.swift */ = {isa = PBXFileReference; lastKnownFileType = sourcecode.swift; path = ContactUsSceneCoordinator.swift; sourceTree = "<group>"; };
		ACBF700C2424C7CB00FFEAC8 /* ContactUsSceneViewController.swift */ = {isa = PBXFileReference; lastKnownFileType = sourcecode.swift; path = ContactUsSceneViewController.swift; sourceTree = "<group>"; };
		ACBF700D2424C7CB00FFEAC8 /* ContactUsSceneModel.swift */ = {isa = PBXFileReference; lastKnownFileType = sourcecode.swift; path = ContactUsSceneModel.swift; sourceTree = "<group>"; };
		ACBF700E2424C7CB00FFEAC8 /* ContactUsSceneViewModel.swift */ = {isa = PBXFileReference; lastKnownFileType = sourcecode.swift; path = ContactUsSceneViewModel.swift; sourceTree = "<group>"; };
		ACCD39B82421068100D97A11 /* TipsMenuCell.swift */ = {isa = PBXFileReference; lastKnownFileType = sourcecode.swift; path = TipsMenuCell.swift; sourceTree = "<group>"; };
		ACCD39BA24210A2D00D97A11 /* TipsMenuView.swift */ = {isa = PBXFileReference; lastKnownFileType = sourcecode.swift; path = TipsMenuView.swift; sourceTree = "<group>"; };
		ACCED1BF23FE8AB9000EB2DB /* TextField.swift */ = {isa = PBXFileReference; fileEncoding = 4; lastKnownFileType = sourcecode.swift; path = TextField.swift; sourceTree = "<group>"; };
		ACCED1C123FE8D1E000EB2DB /* BezierPath+Ext.swift */ = {isa = PBXFileReference; fileEncoding = 4; lastKnownFileType = sourcecode.swift; path = "BezierPath+Ext.swift"; sourceTree = "<group>"; };
		ACCED1C423FE8DA2000EB2DB /* Label.swift */ = {isa = PBXFileReference; fileEncoding = 4; lastKnownFileType = sourcecode.swift; path = Label.swift; sourceTree = "<group>"; };
		ACCED1C523FE8DA3000EB2DB /* Button.swift */ = {isa = PBXFileReference; fileEncoding = 4; lastKnownFileType = sourcecode.swift; path = Button.swift; sourceTree = "<group>"; };
		ACCED1C823FEA713000EB2DB /* ForgotPassSceneCoordinator.swift */ = {isa = PBXFileReference; lastKnownFileType = sourcecode.swift; path = ForgotPassSceneCoordinator.swift; sourceTree = "<group>"; };
		ACCED1CA23FEA713000EB2DB /* ForgotPassSceneModel.swift */ = {isa = PBXFileReference; lastKnownFileType = sourcecode.swift; path = ForgotPassSceneModel.swift; sourceTree = "<group>"; };
		ACCED1CB23FEA713000EB2DB /* ForgotPassSceneViewModel.swift */ = {isa = PBXFileReference; lastKnownFileType = sourcecode.swift; path = ForgotPassSceneViewModel.swift; sourceTree = "<group>"; };
		ACEFD7F02401CA3A00C2EED8 /* LoginSceneModel.swift */ = {isa = PBXFileReference; fileEncoding = 4; lastKnownFileType = sourcecode.swift; path = LoginSceneModel.swift; sourceTree = "<group>"; };
		ACEFE8CE23FD798C0049960B /* SignInSceneModel.swift */ = {isa = PBXFileReference; lastKnownFileType = sourcecode.swift; name = SignInSceneModel.swift; path = "Ms Fit/Models/Registration/SignInSceneModel.swift"; sourceTree = SOURCE_ROOT; };
		ACEFE8CF23FD798C0049960B /* SignInSceneViewModel.swift */ = {isa = PBXFileReference; lastKnownFileType = sourcecode.swift; name = SignInSceneViewModel.swift; path = "Ms Fit/ViewModels/Registration/SignInSceneViewModel.swift"; sourceTree = SOURCE_ROOT; };
		B3810A94F4EC2EA9CCCC52C6 /* Pods_Ms_Fit.framework */ = {isa = PBXFileReference; explicitFileType = wrapper.framework; includeInIndex = 0; path = Pods_Ms_Fit.framework; sourceTree = BUILT_PRODUCTS_DIR; };
		BBFF97769BFC20927A0D0BA5 /* Pods-MsFit.debug.xcconfig */ = {isa = PBXFileReference; includeInIndex = 1; lastKnownFileType = text.xcconfig; name = "Pods-MsFit.debug.xcconfig"; path = "Target Support Files/Pods-MsFit/Pods-MsFit.debug.xcconfig"; sourceTree = "<group>"; };
		BFEB41F12DD59CA113815205 /* Pods_MsFit.framework */ = {isa = PBXFileReference; explicitFileType = wrapper.framework; includeInIndex = 0; path = Pods_MsFit.framework; sourceTree = BUILT_PRODUCTS_DIR; };
		CAB4914EF072C0E6AB6D6E38 /* Pods-MsFit.release.xcconfig */ = {isa = PBXFileReference; includeInIndex = 1; lastKnownFileType = text.xcconfig; name = "Pods-MsFit.release.xcconfig"; path = "Target Support Files/Pods-MsFit/Pods-MsFit.release.xcconfig"; sourceTree = "<group>"; };
		D68177979EA115C25289B381 /* Pods-Ms Fit.debug.xcconfig */ = {isa = PBXFileReference; includeInIndex = 1; lastKnownFileType = text.xcconfig; name = "Pods-Ms Fit.debug.xcconfig"; path = "Target Support Files/Pods-Ms Fit/Pods-Ms Fit.debug.xcconfig"; sourceTree = "<group>"; };
		FC96423BC9095C9F1B61E56C /* Pods-Ms Fit.prod.xcconfig */ = {isa = PBXFileReference; includeInIndex = 1; lastKnownFileType = text.xcconfig; name = "Pods-Ms Fit.prod.xcconfig"; path = "Target Support Files/Pods-Ms Fit/Pods-Ms Fit.prod.xcconfig"; sourceTree = "<group>"; };
/* End PBXFileReference section */

/* Begin PBXFrameworksBuildPhase section */
		569FB0EA23FC106B0052B796 /* Frameworks */ = {
			isa = PBXFrameworksBuildPhase;
			buildActionMask = 2147483647;
			files = (
				447F9F9A4B1B46F88172EBF4 /* Pods_Ms_Fit.framework in Frameworks */,
			);
			runOnlyForDeploymentPostprocessing = 0;
		};
/* End PBXFrameworksBuildPhase section */

/* Begin PBXGroup section */
		564A672623FC2F1700D4901A /* CommonClasses */ = {
			isa = PBXGroup;
			children = (
				564A672723FC2F3400D4901A /* Dependency.swift */,
				564A674B23FC6ECE00D4901A /* Constants.swift */,
				564A674D23FC6EE700D4901A /* Environment.swift */,
				56EE488C24153A5100FBEBEC /* ApiManager.swift */,
			);
			path = CommonClasses;
			sourceTree = "<group>";
		};
		564A672923FC2F9500D4901A /* Coordinators */ = {
			isa = PBXGroup;
			children = (
				564A672A23FC2FB000D4901A /* AppCoordinator.swift */,
				564A672C23FC2FD000D4901A /* BaseCoordinator.swift */,
				ACEFD7FE2401CBD900C2EED8 /* Daily */,
				ACEFD8002401CBD900C2EED8 /* Exercise */,
				AC12E31A23FEBD95007343A5 /* Registration */,
				566C2D86240440950006108B /* Main */,
				ACEFD8012401CBD900C2EED8 /* Tips */,
				AC70FF9D241F98360064CEC5 /* SettingsProfile */,
				566C2D852404406A0006108B /* Splash */,
			);
			path = Coordinators;
			sourceTree = "<group>";
		};
		564A673723FC48CE00D4901A /* Resources */ = {
			isa = PBXGroup;
			children = (
				569FB0E323FC09530052B796 /* Info.plist */,
				569FB0DE23FC09530052B796 /* Assets.xcassets */,
			);
			path = Resources;
			sourceTree = "<group>";
		};
		564A673923FC6DAD00D4901A /* Views */ = {
			isa = PBXGroup;
			children = (
				564A674723FC6E6E00D4901A /* BaseViewController.swift */,
				ACEFD7F82401CB6D00C2EED8 /* Daily */,
				ACEFD7F52401CB1A00C2EED8 /* Exercises */,
				566C2DA2240444080006108B /* Registration */,
				566C2D93240443800006108B /* Splash */,
				566C2D8E240443770006108B /* Main */,
				ACEFD7F62401CB2500C2EED8 /* Tips */,
				AC70FF98241F97FC0064CEC5 /* SettingsProfile */,
				ACCED1C323FE8D2E000EB2DB /* Views */,
			);
			path = Views;
			sourceTree = "<group>";
		};
		564A673A23FC6DD000D4901A /* ViewModels */ = {
			isa = PBXGroup;
			children = (
				564A674923FC6E9800D4901A /* BaseViewModel.swift */,
				ACEFD7F92401CB8100C2EED8 /* Daily */,
				ACEFD7F42401CAD500C2EED8 /* Exercises */,
				AC12E31B23FEBD9A007343A5 /* Registration */,
				566C2D8A2404413C0006108B /* Main */,
				ACEFD7F22401CABF00C2EED8 /* SettingsProfile */,
				ACEFD7F32401CAD100C2EED8 /* Tips */,
				566C2D89240441350006108B /* Splash */,
			);
			path = ViewModels;
			sourceTree = "<group>";
		};
		564A673B23FC6DD800D4901A /* Models */ = {
			isa = PBXGroup;
			children = (
				ACEFD7FA2401CBAE00C2EED8 /* Daily */,
				566C2D88240440D40006108B /* Main */,
				566C2D87240440C10006108B /* Splash */,
				ACEFD7FB2401CBB500C2EED8 /* Exercise */,
				ACEFD7FD2401CBCA00C2EED8 /* SettingsProfile */,
				ACEFD7FC2401CBC000C2EED8 /* Tips */,
				AC12E31923FEBD91007343A5 /* Registration */,
			);
			path = Models;
			sourceTree = "<group>";
		};
		564A673C23FC6E1300D4901A /* Logger */ = {
			isa = PBXGroup;
			children = (
				564A674123FC6E4700D4901A /* Logger.swift */,
				564A673F23FC6E4700D4901A /* SlimLogger.swift */,
				564A674023FC6E4700D4901A /* SlimLoggerConfig.swift */,
				564A673D23FC6E4600D4901A /* SlimLogglyDestination.swift */,
				564A673E23FC6E4600D4901A /* SlimLogglyDestinationConfig.swift */,
			);
			path = Logger;
			sourceTree = "<group>";
		};
		564A675923FC767500D4901A /* Extensions */ = {
			isa = PBXGroup;
			children = (
				ACCED1C123FE8D1E000EB2DB /* BezierPath+Ext.swift */,
				564A675B23FC76B100D4901A /* GenericCollection+Ext.swift */,
				564A675C23FC76B100D4901A /* NSLayoutConstraint+Ext.swift */,
				564A675D23FC76B100D4901A /* Path+Ext.swift */,
				564A675F23FC76B100D4901A /* Reactive+Ext.swift */,
				564A675E23FC76B100D4901A /* String+Ext.swift */,
				564A675A23FC76B100D4901A /* UIView+Ext.swift */,
				AC5515522413A4BD0093373D /* StackView.swift */,
			);
			path = Extensions;
			sourceTree = "<group>";
		};
		566C2D852404406A0006108B /* Splash */ = {
			isa = PBXGroup;
			children = (
				564A676623FC821F00D4901A /* OnboardSceneCoordinator.swift */,
				564A675123FC701600D4901A /* SplashSceneCoordinator.swift */,
			);
			path = Splash;
			sourceTree = "<group>";
		};
		566C2D86240440950006108B /* Main */ = {
			isa = PBXGroup;
			children = (
				56993BF82401A84900C16CFF /* MainSceneCoordinator.swift */,
				56993C002401B78400C16CFF /* TabBarSceneCoordinator.swift */,
			);
			path = Main;
			sourceTree = "<group>";
		};
		566C2D87240440C10006108B /* Splash */ = {
			isa = PBXGroup;
			children = (
				564A676823FC821F00D4901A /* OnboardSceneModel.swift */,
			);
			path = Splash;
			sourceTree = "<group>";
		};
		566C2D88240440D40006108B /* Main */ = {
			isa = PBXGroup;
			children = (
				56993BFA2401A84900C16CFF /* MainSceneModel.swift */,
				56993C022401B78400C16CFF /* TabBarSceneModel.swift */,
			);
			path = Main;
			sourceTree = "<group>";
		};
		566C2D89240441350006108B /* Splash */ = {
			isa = PBXGroup;
			children = (
				564A676923FC821F00D4901A /* OnboardSceneViewModel.swift */,
				564A675423FC701600D4901A /* SplashSceneViewModel.swift */,
			);
			path = Splash;
			sourceTree = "<group>";
		};
		566C2D8A2404413C0006108B /* Main */ = {
			isa = PBXGroup;
			children = (
				56993BFB2401A84900C16CFF /* MainSceneViewModel.swift */,
				56993C032401B78400C16CFF /* TabBarSceneViewModel.swift */,
			);
			path = Main;
			sourceTree = "<group>";
		};
		566C2D8E240443770006108B /* Main */ = {
			isa = PBXGroup;
			children = (
				566C2D8F240443770006108B /* MainSceneViewController.swift */,
				566C2D90240443770006108B /* TabBarSceneViewController.swift */,
			);
			path = Main;
			sourceTree = "<group>";
		};
		566C2D93240443800006108B /* Splash */ = {
			isa = PBXGroup;
			children = (
				566C2D94240443800006108B /* SplashSceneViewController.swift */,
				566C2D95240443800006108B /* OnboardSceneViewController.swift */,
			);
			path = Splash;
			sourceTree = "<group>";
		};
		566C2DA2240444080006108B /* Registration */ = {
			isa = PBXGroup;
			children = (
				566C2DA3240444080006108B /* SignUpSceneViewController.swift */,
				566C2DA4240444080006108B /* NewRegistSceneViewController.swift */,
				566C2DA5240444080006108B /* LoginSceneViewController.swift */,
				566C2DA6240444080006108B /* ForgotPassSceneViewController.swift */,
				566C2DA7240444080006108B /* SignInSceneViewController.swift */,
			);
			path = Registration;
			sourceTree = "<group>";
		};
		569FB0C923FC09500052B796 = {
			isa = PBXGroup;
			children = (
				569FB0D423FC09500052B796 /* Ms Fit */,
				569FB0D323FC09500052B796 /* Products */,
				6802EBD8A54E9A8820EAE12B /* Pods */,
				CE58255C615D5C473C95407B /* Frameworks */,
			);
			sourceTree = "<group>";
		};
		569FB0D323FC09500052B796 /* Products */ = {
			isa = PBXGroup;
			children = (
				569FB0ED23FC106B0052B796 /* Ms Fit.app */,
			);
			name = Products;
			sourceTree = "<group>";
		};
		569FB0D423FC09500052B796 /* Ms Fit */ = {
			isa = PBXGroup;
			children = (
				569FB0D523FC09500052B796 /* AppDelegate.swift */,
				569FB0D723FC09500052B796 /* SceneDelegate.swift */,
				564A672923FC2F9500D4901A /* Coordinators */,
				564A672623FC2F1700D4901A /* CommonClasses */,
				564A675923FC767500D4901A /* Extensions */,
				564A673723FC48CE00D4901A /* Resources */,
				AC1A7FAB240930A00058248D /* Services */,
				564A673C23FC6E1300D4901A /* Logger */,
				564A673923FC6DAD00D4901A /* Views */,
				564A673A23FC6DD000D4901A /* ViewModels */,
				564A673B23FC6DD800D4901A /* Models */,
			);
			path = "Ms Fit";
			sourceTree = "<group>";
		};
		56C7B4F62405C2F100CC2C8D /* WorkOut */ = {
			isa = PBXGroup;
			children = (
				AC21930D241273E800F388C1 /* DetailsWorkoutSceneCoordinator.swift */,
				56C7B4EE2405C2DE00CC2C8D /* WorkOutSceneCoordinator.swift */,
			);
			path = WorkOut;
			sourceTree = "<group>";
		};
		56C7B4F72405C31400CC2C8D /* WorkOut */ = {
			isa = PBXGroup;
			children = (
				AC21930F241273E800F388C1 /* DetailsWorkoutSceneModel.swift */,
				56C7B4F02405C2DE00CC2C8D /* WorkOutSceneModel.swift */,
			);
			path = WorkOut;
			sourceTree = "<group>";
		};
		56C7B4F82405C32C00CC2C8D /* WorkOut */ = {
			isa = PBXGroup;
			children = (
				AC9E1DEE2410F2E800417E9A /* WorkoutViews */,
				AC21930E241273E800F388C1 /* DetailsWorkoutSceneViewController.swift */,
				56C7B4EF2405C2DE00CC2C8D /* WorkOutSceneViewController.swift */,
				AC9E1DEC2410F11000417E9A /* WorkoutSegmentView.swift */,
			);
			path = WorkOut;
			sourceTree = "<group>";
		};
		56C7B4F92405C34B00CC2C8D /* WorkOut */ = {
			isa = PBXGroup;
			children = (
				AC219310241273E800F388C1 /* DetailsWorkoutSceneViewModel.swift */,
				56C7B4F12405C2DE00CC2C8D /* WorkOutSceneViewModel.swift */,
			);
			path = WorkOut;
			sourceTree = "<group>";
		};
		6802EBD8A54E9A8820EAE12B /* Pods */ = {
			isa = PBXGroup;
			children = (
				BBFF97769BFC20927A0D0BA5 /* Pods-MsFit.debug.xcconfig */,
				CAB4914EF072C0E6AB6D6E38 /* Pods-MsFit.release.xcconfig */,
				D68177979EA115C25289B381 /* Pods-Ms Fit.debug.xcconfig */,
				60C34FA39CA150B7BB135E80 /* Pods-Ms Fit.release.xcconfig */,
				0246DC5AC07BDDF4EDE91CC9 /* Pods-Ms Fit.dev.xcconfig */,
				446EC7B18DD8760A775FF0E1 /* Pods-Ms Fit.stg.xcconfig */,
				FC96423BC9095C9F1B61E56C /* Pods-Ms Fit.prod.xcconfig */,
			);
			path = Pods;
			sourceTree = "<group>";
		};
		AC12E31923FEBD91007343A5 /* Registration */ = {
			isa = PBXGroup;
			children = (
				AC12E31E23FEBDFE007343A5 /* NewRegistSceneModel.swift */,
				ACCED1CA23FEA713000EB2DB /* ForgotPassSceneModel.swift */,
				ACEFD7F02401CA3A00C2EED8 /* LoginSceneModel.swift */,
				ACEFE8CE23FD798C0049960B /* SignInSceneModel.swift */,
				AC53618224003F7300E5204A /* SignUpSceneModel.swift */,
			);
			path = Registration;
			sourceTree = "<group>";
		};
		AC12E31A23FEBD95007343A5 /* Registration */ = {
			isa = PBXGroup;
			children = (
				ACCED1C823FEA713000EB2DB /* ForgotPassSceneCoordinator.swift */,
				AC4A783423FE7412003DD917 /* LoginSceneCoordinator.swift */,
				AC12E31C23FEBDFE007343A5 /* NewRegistSceneCoordinator.swift */,
				566C2D83240440040006108B /* SignInSceneCoordinator.swift */,
				566C2D8B2404423E0006108B /* SignUpSceneCoordinator.swift */,
			);
			path = Registration;
			sourceTree = "<group>";
		};
		AC12E31B23FEBD9A007343A5 /* Registration */ = {
			isa = PBXGroup;
			children = (
				ACCED1CB23FEA713000EB2DB /* ForgotPassSceneViewModel.swift */,
				AC4A783723FE7412003DD917 /* LoginSceneViewModel.swift */,
				AC12E31F23FEBDFE007343A5 /* NewRegistSceneViewModel.swift */,
				ACEFE8CF23FD798C0049960B /* SignInSceneViewModel.swift */,
				AC53618324003F7300E5204A /* SignUpSceneViewModel.swift */,
			);
			path = Registration;
			sourceTree = "<group>";
		};
		AC1A7FA8240904070058248D /* PopupViews */ = {
			isa = PBXGroup;
			children = (
				ACACD455241A31050017D4D7 /* AddPopupView.swift */,
				ACA3CE55241929D6001213AC /* ClearPopupView.swift */,
				AC1A7FA92409044E0058248D /* VerificationEmailPopupView.swift */,
			);
			path = PopupViews;
			sourceTree = "<group>";
		};
		AC1A7FAB240930A00058248D /* Services */ = {
			isa = PBXGroup;
			children = (
				AC1A7FAC240930B80058248D /* KeyboardManager.swift */,
			);
			path = Services;
			sourceTree = "<group>";
		};
		AC21931524128FDA00F388C1 /* Meal */ = {
			isa = PBXGroup;
			children = (
				AC2193162412900400F388C1 /* MealSceneCoordinator.swift */,
				ACA3CE4D24191D81001213AC /* MealsStorageSceneCoordinator.swift */,
				ACACD457241B8C980017D4D7 /* SearchMealsSceneCoordinator.swift */,
			);
			path = Meal;
			sourceTree = "<group>";
		};
		AC21931E2412902000F388C1 /* Meal */ = {
			isa = PBXGroup;
			children = (
				AC4874ED24129B11007FE6A4 /* MealViews */,
				AC2193172412900400F388C1 /* MealSceneViewController.swift */,
				ACA3CE4E24191D81001213AC /* MealsStorageSceneViewController.swift */,
				ACACD458241B8C980017D4D7 /* SearchMealsSceneViewController.swift */,
			);
			path = Meal;
			sourceTree = "<group>";
		};
		AC21931F2412902D00F388C1 /* Meal */ = {
			isa = PBXGroup;
			children = (
				AC2193192412900400F388C1 /* MealSceneViewModel.swift */,
				ACA3CE5024191D81001213AC /* MealsStorageSceneViewModel.swift */,
				ACACD45A241B8C980017D4D7 /* SearchMealsSceneViewModel.swift */,
			);
			path = Meal;
			sourceTree = "<group>";
		};
		AC2193202412904400F388C1 /* Meal */ = {
			isa = PBXGroup;
			children = (
				AC2193182412900400F388C1 /* MealSceneModel.swift */,
				ACA3CE4F24191D81001213AC /* MealsStorageSceneModel.swift */,
				ACACD459241B8C980017D4D7 /* SearchMealsSceneModel.swift */,
			);
			path = Meal;
			sourceTree = "<group>";
		};
		AC4874ED24129B11007FE6A4 /* MealViews */ = {
			isa = PBXGroup;
			children = (
				AC57A17C24179DE2006E9144 /* MealCells */,
				AC4874EE24129B69007FE6A4 /* CaloriesView.swift */,
				AC57A17F24180AFA006E9144 /* MealHeaderView.swift */,
			);
			path = MealViews;
			sourceTree = "<group>";
		};
		AC57A17C24179DE2006E9144 /* MealCells */ = {
			isa = PBXGroup;
			children = (
				AC57A17D2417A009006E9144 /* BreakfastCell.swift */,
			);
			path = MealCells;
			sourceTree = "<group>";
		};
		AC70FF98241F97FC0064CEC5 /* SettingsProfile */ = {
			isa = PBXGroup;
			children = (
				AC70FFAF241F9CF80064CEC5 /* SettingViews */,
				ACBF700C2424C7CB00FFEAC8 /* ContactUsSceneViewController.swift */,
				AC70FFA2241F993E0064CEC5 /* SettingsSceneViewController.swift */,
			);
			path = SettingsProfile;
			sourceTree = "<group>";
		};
		AC70FF9D241F98360064CEC5 /* SettingsProfile */ = {
			isa = PBXGroup;
			children = (
				ACBF700B2424C7CB00FFEAC8 /* ContactUsSceneCoordinator.swift */,
				AC70FFA1241F993E0064CEC5 /* SettingsSceneCoordinator.swift */,
			);
			path = SettingsProfile;
			sourceTree = "<group>";
		};
		AC70FFAF241F9CF80064CEC5 /* SettingViews */ = {
			isa = PBXGroup;
			children = (
				AC70FFA9241F9B480064CEC5 /* UserView.swift */,
				AC70FFAB241F9B730064CEC5 /* GraphView.swift */,
				AC70FFAD241F9B8F0064CEC5 /* MeasurementsView.swift */,
			);
			name = SettingViews;
			sourceTree = "<group>";
		};
		AC738FBE2406C16600CB7A39 /* Cells */ = {
			isa = PBXGroup;
			children = (
				AC738FBF2406C18900CB7A39 /* HomeCell.swift */,
			);
			path = Cells;
			sourceTree = "<group>";
		};
		AC86C2252407CBDA0029D33E /* QuestionViews */ = {
			isa = PBXGroup;
			children = (
				AC86C2262407CBFE0029D33E /* MealsView.swift */,
				AC86C2282407CC110029D33E /* ExerciseView.swift */,
				AC86C22A2407CC220029D33E /* SubscriptionView.swift */,
			);
			path = QuestionViews;
			sourceTree = "<group>";
		};
		AC9E1DEE2410F2E800417E9A /* WorkoutViews */ = {
			isa = PBXGroup;
			children = (
				AC9E1DF524112A3300417E9A /* WorkoutCells */,
				ACACD45F241BB41B0017D4D7 /* PreviewImagePagerView.swift */,
				AC9E1DEF2410F32F00417E9A /* YesterdayWorkoutView.swift */,
				AC9E1DF32410F36000417E9A /* TodayWorkoutView.swift */,
				AC9E1DF12410F34D00417E9A /* TomorrowWorkoutView.swift */,
				56EE4892241568FE00FBEBEC /* BaseWorkOutView.swift */,
			);
			path = WorkoutViews;
			sourceTree = "<group>";
		};
		AC9E1DF524112A3300417E9A /* WorkoutCells */ = {
			isa = PBXGroup;
			children = (
				AC9E1DF624112A4F00417E9A /* YesterdayWorkoutCell.swift */,
				AC2193092412423B00F388C1 /* TodayWorkoutCell.swift */,
				AC21930B241246D800F388C1 /* TomorrowWorkoutCell.swift */,
			);
			path = WorkoutCells;
			sourceTree = "<group>";
		};
		ACAFEC982405176E00C8AEBB /* Cells */ = {
			isa = PBXGroup;
			children = (
				ACAFEC992405176E00C8AEBB /* ExerciseCell.swift */,
			);
			path = Cells;
			sourceTree = "<group>";
		};
		ACAFEC9B24051FB000C8AEBB /* Cells */ = {
			isa = PBXGroup;
			children = (
				ACAFEC9C24051FC200C8AEBB /* TipsCell.swift */,
				ACCD39B82421068100D97A11 /* TipsMenuCell.swift */,
			);
			name = Cells;
			sourceTree = "<group>";
		};
		ACCED1C323FE8D2E000EB2DB /* Views */ = {
			isa = PBXGroup;
			children = (
				AC1A7FA8240904070058248D /* PopupViews */,
				AC86C2252407CBDA0029D33E /* QuestionViews */,
				ACCED1C523FE8DA3000EB2DB /* Button.swift */,
				ACCED1C423FE8DA2000EB2DB /* Label.swift */,
				ACCED1BF23FE8AB9000EB2DB /* TextField.swift */,
				AC86C2232407C6950029D33E /* SlideSegmenControl.swift */,
			);
			path = Views;
			sourceTree = "<group>";
		};
		ACEFD7F22401CABF00C2EED8 /* SettingsProfile */ = {
			isa = PBXGroup;
			children = (
				ACBF700E2424C7CB00FFEAC8 /* ContactUsSceneViewModel.swift */,
				AC70FFA4241F993E0064CEC5 /* SettingsSceneViewModel.swift */,
			);
			path = SettingsProfile;
			sourceTree = "<group>";
		};
		ACEFD7F32401CAD100C2EED8 /* Tips */ = {
			isa = PBXGroup;
			children = (
				56993C1B2401BDF500C16CFF /* TipsSceneViewModel.swift */,
			);
			path = Tips;
			sourceTree = "<group>";
		};
		ACEFD7F42401CAD500C2EED8 /* Exercises */ = {
			isa = PBXGroup;
			children = (
				56993C132401BDAA00C16CFF /* ExercisesSceneViewModel.swift */,
			);
			path = Exercises;
			sourceTree = "<group>";
		};
		ACEFD7F52401CB1A00C2EED8 /* Exercises */ = {
			isa = PBXGroup;
			children = (
				ACAFEC982405176E00C8AEBB /* Cells */,
				56993C112401BDAA00C16CFF /* ExercisesSceneViewController.swift */,
			);
			path = Exercises;
			sourceTree = "<group>";
		};
		ACEFD7F62401CB2500C2EED8 /* Tips */ = {
			isa = PBXGroup;
			children = (
				ACAFEC9B24051FB000C8AEBB /* Cells */,
				56993C192401BDF500C16CFF /* TipsSceneViewController.swift */,
				ACCD39BA24210A2D00D97A11 /* TipsMenuView.swift */,
			);
			path = Tips;
			sourceTree = "<group>";
		};
		ACEFD7F82401CB6D00C2EED8 /* Daily */ = {
			isa = PBXGroup;
			children = (
				AC21931E2412902000F388C1 /* Meal */,
				56C7B4F82405C32C00CC2C8D /* WorkOut */,
				AC738FBE2406C16600CB7A39 /* Cells */,
				56993C092401BD6D00C16CFF /* DailySceneViewController.swift */,
				AC738FB72406A01B00CB7A39 /* HomeSceneViewController.swift */,
				AC4A00A02404247300764281 /* QuestionsSceneViewController.swift */,
			);
			path = Daily;
			sourceTree = "<group>";
		};
		ACEFD7F92401CB8100C2EED8 /* Daily */ = {
			isa = PBXGroup;
			children = (
				AC21931F2412902D00F388C1 /* Meal */,
				56C7B4F92405C34B00CC2C8D /* WorkOut */,
				56993C0B2401BD6D00C16CFF /* DailySceneViewModel.swift */,
				AC738FB92406A01B00CB7A39 /* HomeSceneViewModel.swift */,
				AC4A00A22404247300764281 /* QuestionsSceneViewModel.swift */,
			);
			path = Daily;
			sourceTree = "<group>";
		};
		ACEFD7FA2401CBAE00C2EED8 /* Daily */ = {
			isa = PBXGroup;
			children = (
				AC2193202412904400F388C1 /* Meal */,
				56C7B4F72405C31400CC2C8D /* WorkOut */,
				56993C0A2401BD6D00C16CFF /* DailySceneModel.swift */,
				AC738FB82406A01B00CB7A39 /* HomeSceneModel.swift */,
				AC4A00A12404247300764281 /* QuestionsSceneModel.swift */,
			);
			path = Daily;
			sourceTree = "<group>";
		};
		ACEFD7FB2401CBB500C2EED8 /* Exercise */ = {
			isa = PBXGroup;
			children = (
				56993C122401BDAA00C16CFF /* ExercisesSceneModel.swift */,
			);
			path = Exercise;
			sourceTree = "<group>";
		};
		ACEFD7FC2401CBC000C2EED8 /* Tips */ = {
			isa = PBXGroup;
			children = (
				56993C1A2401BDF500C16CFF /* TipsSceneModel.swift */,
			);
			path = Tips;
			sourceTree = "<group>";
		};
		ACEFD7FD2401CBCA00C2EED8 /* SettingsProfile */ = {
			isa = PBXGroup;
			children = (
				ACBF700D2424C7CB00FFEAC8 /* ContactUsSceneModel.swift */,
				AC70FFA3241F993E0064CEC5 /* SettingsSceneModel.swift */,
			);
			path = SettingsProfile;
			sourceTree = "<group>";
		};
		ACEFD7FE2401CBD900C2EED8 /* Daily */ = {
			isa = PBXGroup;
			children = (
				AC21931524128FDA00F388C1 /* Meal */,
				56C7B4F62405C2F100CC2C8D /* WorkOut */,
				56993C082401BD6D00C16CFF /* DailySceneCoordinator.swift */,
				AC738FB62406A01B00CB7A39 /* HomeSceneCoordinator.swift */,
				AC4A009F2404247300764281 /* QuestionsSceneCoordinator.swift */,
			);
			path = Daily;
			sourceTree = "<group>";
		};
		ACEFD8002401CBD900C2EED8 /* Exercise */ = {
			isa = PBXGroup;
			children = (
				56993C102401BDAA00C16CFF /* ExercisesSceneCoordinator.swift */,
			);
			path = Exercise;
			sourceTree = "<group>";
		};
		ACEFD8012401CBD900C2EED8 /* Tips */ = {
			isa = PBXGroup;
			children = (
				56993C182401BDF500C16CFF /* TipsSceneCoordinator.swift */,
			);
			path = Tips;
			sourceTree = "<group>";
		};
		CE58255C615D5C473C95407B /* Frameworks */ = {
			isa = PBXGroup;
			children = (
				BFEB41F12DD59CA113815205 /* Pods_MsFit.framework */,
				B3810A94F4EC2EA9CCCC52C6 /* Pods_Ms_Fit.framework */,
			);
			name = Frameworks;
			sourceTree = "<group>";
		};
/* End PBXGroup section */

/* Begin PBXNativeTarget section */
		569FB0EC23FC106B0052B796 /* Ms Fit */ = {
			isa = PBXNativeTarget;
			buildConfigurationList = 569FB0FE23FC106B0052B796 /* Build configuration list for PBXNativeTarget "Ms Fit" */;
			buildPhases = (
				3FB25315D46CAB7DBF7F0858 /* [CP] Check Pods Manifest.lock */,
				569FB0E923FC106B0052B796 /* Sources */,
				569FB0EA23FC106B0052B796 /* Frameworks */,
				569FB0EB23FC106B0052B796 /* Resources */,
				B6D1F37FADB63ADE53F9C209 /* [CP] Embed Pods Frameworks */,
				564A672523FC2DE000D4901A /* SwiftLint */,
			);
			buildRules = (
			);
			dependencies = (
			);
			name = "Ms Fit";
			productName = "Ms Fit";
			productReference = 569FB0ED23FC106B0052B796 /* Ms Fit.app */;
			productType = "com.apple.product-type.application";
		};
/* End PBXNativeTarget section */

/* Begin PBXProject section */
		569FB0CA23FC09500052B796 /* Project object */ = {
			isa = PBXProject;
			attributes = {
				LastSwiftUpdateCheck = 1130;
				LastUpgradeCheck = 1130;
				ORGANIZATIONNAME = Selecto;
				TargetAttributes = {
					569FB0EC23FC106B0052B796 = {
						CreatedOnToolsVersion = 11.3.1;
					};
				};
			};
			buildConfigurationList = 569FB0CD23FC09500052B796 /* Build configuration list for PBXProject "Ms Fit" */;
			compatibilityVersion = "Xcode 9.3";
			developmentRegion = en;
			hasScannedForEncodings = 0;
			knownRegions = (
				en,
				Base,
			);
			mainGroup = 569FB0C923FC09500052B796;
			productRefGroup = 569FB0D323FC09500052B796 /* Products */;
			projectDirPath = "";
			projectRoot = "";
			targets = (
				569FB0EC23FC106B0052B796 /* Ms Fit */,
			);
		};
/* End PBXProject section */

/* Begin PBXResourcesBuildPhase section */
		569FB0EB23FC106B0052B796 /* Resources */ = {
			isa = PBXResourcesBuildPhase;
			buildActionMask = 2147483647;
			files = (
				564A673823FC4F0700D4901A /* Assets.xcassets in Resources */,
			);
			runOnlyForDeploymentPostprocessing = 0;
		};
/* End PBXResourcesBuildPhase section */

/* Begin PBXShellScriptBuildPhase section */
		3FB25315D46CAB7DBF7F0858 /* [CP] Check Pods Manifest.lock */ = {
			isa = PBXShellScriptBuildPhase;
			buildActionMask = 2147483647;
			files = (
			);
			inputFileListPaths = (
			);
			inputPaths = (
				"${PODS_PODFILE_DIR_PATH}/Podfile.lock",
				"${PODS_ROOT}/Manifest.lock",
			);
			name = "[CP] Check Pods Manifest.lock";
			outputFileListPaths = (
			);
			outputPaths = (
				"$(DERIVED_FILE_DIR)/Pods-Ms Fit-checkManifestLockResult.txt",
			);
			runOnlyForDeploymentPostprocessing = 0;
			shellPath = /bin/sh;
			shellScript = "diff \"${PODS_PODFILE_DIR_PATH}/Podfile.lock\" \"${PODS_ROOT}/Manifest.lock\" > /dev/null\nif [ $? != 0 ] ; then\n    # print error to STDERR\n    echo \"error: The sandbox is not in sync with the Podfile.lock. Run 'pod install' or update your CocoaPods installation.\" >&2\n    exit 1\nfi\n# This output is used by Xcode 'outputs' to avoid re-running this script phase.\necho \"SUCCESS\" > \"${SCRIPT_OUTPUT_FILE_0}\"\n";
			showEnvVarsInLog = 0;
		};
		564A672523FC2DE000D4901A /* SwiftLint */ = {
			isa = PBXShellScriptBuildPhase;
			buildActionMask = 2147483647;
			files = (
			);
			inputFileListPaths = (
			);
			inputPaths = (
			);
			name = SwiftLint;
			outputFileListPaths = (
			);
			outputPaths = (
			);
			runOnlyForDeploymentPostprocessing = 0;
			shellPath = /bin/sh;
			shellScript = "if which swiftlint >/dev/null; then\n  swiftlint\nelse\n  echo \"warning: SwiftLint not installed, download from https://github.com/realm/SwiftLint\"\nfi\n";
		};
		B6D1F37FADB63ADE53F9C209 /* [CP] Embed Pods Frameworks */ = {
			isa = PBXShellScriptBuildPhase;
			buildActionMask = 2147483647;
			files = (
			);
			inputFileListPaths = (
				"${PODS_ROOT}/Target Support Files/Pods-Ms Fit/Pods-Ms Fit-frameworks-${CONFIGURATION}-input-files.xcfilelist",
			);
			name = "[CP] Embed Pods Frameworks";
			outputFileListPaths = (
				"${PODS_ROOT}/Target Support Files/Pods-Ms Fit/Pods-Ms Fit-frameworks-${CONFIGURATION}-output-files.xcfilelist",
			);
			runOnlyForDeploymentPostprocessing = 0;
			shellPath = /bin/sh;
			shellScript = "\"${PODS_ROOT}/Target Support Files/Pods-Ms Fit/Pods-Ms Fit-frameworks.sh\"\n";
			showEnvVarsInLog = 0;
		};
/* End PBXShellScriptBuildPhase section */

/* Begin PBXSourcesBuildPhase section */
		569FB0E923FC106B0052B796 /* Sources */ = {
			isa = PBXSourcesBuildPhase;
			buildActionMask = 2147483647;
			files = (
				566C2D8C2404423E0006108B /* SignUpSceneCoordinator.swift in Sources */,
				ACCED1CF23FEA713000EB2DB /* ForgotPassSceneViewModel.swift in Sources */,
				ACBF700F2424C7CB00FFEAC8 /* ContactUsSceneCoordinator.swift in Sources */,
				56993C1C2401BDF500C16CFF /* TipsSceneCoordinator.swift in Sources */,
				564A676C23FC821F00D4901A /* OnboardSceneModel.swift in Sources */,
				AC12E32323FEBDFE007343A5 /* NewRegistSceneViewModel.swift in Sources */,
				AC12E32223FEBDFE007343A5 /* NewRegistSceneModel.swift in Sources */,
				56EE488D24153A5100FBEBEC /* ApiManager.swift in Sources */,
				564A674423FC6E4700D4901A /* SlimLogger.swift in Sources */,
				566C2D97240443800006108B /* OnboardSceneViewController.swift in Sources */,
				564A675523FC701600D4901A /* SplashSceneCoordinator.swift in Sources */,
				AC57A18024180AFA006E9144 /* MealHeaderView.swift in Sources */,
				56EE4893241568FE00FBEBEC /* BaseWorkOutView.swift in Sources */,
				56993C1E2401BDF500C16CFF /* TipsSceneModel.swift in Sources */,
				ACACD45B241B8C980017D4D7 /* SearchMealsSceneCoordinator.swift in Sources */,
				AC9E1DF02410F32F00417E9A /* YesterdayWorkoutView.swift in Sources */,
				AC9E1DF22410F34D00417E9A /* TomorrowWorkoutView.swift in Sources */,
				564A676123FC76B100D4901A /* GenericCollection+Ext.swift in Sources */,
				AC61F5F723FD6D3900AFCA9A /* AppDelegate.swift in Sources */,
				56993C062401B78400C16CFF /* TabBarSceneModel.swift in Sources */,
				56993C0F2401BD6D00C16CFF /* DailySceneViewModel.swift in Sources */,
				AC86C22B2407CC220029D33E /* SubscriptionView.swift in Sources */,
				AC4A00A42404247300764281 /* QuestionsSceneViewController.swift in Sources */,
				56993C042401B78400C16CFF /* TabBarSceneCoordinator.swift in Sources */,
				AC86C2292407CC110029D33E /* ExerciseView.swift in Sources */,
				564A674323FC6E4700D4901A /* SlimLogglyDestinationConfig.swift in Sources */,
				AC21931A2412900400F388C1 /* MealSceneCoordinator.swift in Sources */,
				ACCD39BB24210A2D00D97A11 /* TipsMenuView.swift in Sources */,
				ACACD45D241B8C980017D4D7 /* SearchMealsSceneModel.swift in Sources */,
				564A674823FC6E6E00D4901A /* BaseViewController.swift in Sources */,
				56C7B4F22405C2DE00CC2C8D /* WorkOutSceneCoordinator.swift in Sources */,
				ACA3CE5124191D81001213AC /* MealsStorageSceneCoordinator.swift in Sources */,
				AC219312241273E800F388C1 /* DetailsWorkoutSceneViewController.swift in Sources */,
				564A676423FC76B100D4901A /* String+Ext.swift in Sources */,
				AC21931C2412900400F388C1 /* MealSceneModel.swift in Sources */,
				AC70FFA5241F993E0064CEC5 /* SettingsSceneCoordinator.swift in Sources */,
				ACCED1C023FE8AB9000EB2DB /* TextField.swift in Sources */,
				ACAFEC9D24051FC200C8AEBB /* TipsCell.swift in Sources */,
				AC21931B2412900400F388C1 /* MealSceneViewController.swift in Sources */,
				566C2DAC240444080006108B /* SignInSceneViewController.swift in Sources */,
				ACBF70122424C7CB00FFEAC8 /* ContactUsSceneViewModel.swift in Sources */,
				ACCD39B92421068100D97A11 /* TipsMenuCell.swift in Sources */,
				AC4A783B23FE7412003DD917 /* LoginSceneViewModel.swift in Sources */,
				AC4A00A62404247300764281 /* QuestionsSceneViewModel.swift in Sources */,
				564A676023FC76B100D4901A /* UIView+Ext.swift in Sources */,
				ACBF70102424C7CB00FFEAC8 /* ContactUsSceneViewController.swift in Sources */,
				ACCED1C723FE8DA3000EB2DB /* Button.swift in Sources */,
				56993C142401BDAA00C16CFF /* ExercisesSceneCoordinator.swift in Sources */,
				AC4A00A32404247300764281 /* QuestionsSceneCoordinator.swift in Sources */,
				56993C1D2401BDF500C16CFF /* TipsSceneViewController.swift in Sources */,
				AC70FFAC241F9B730064CEC5 /* GraphView.swift in Sources */,
				ACACD456241A31050017D4D7 /* AddPopupView.swift in Sources */,
				AC738FBC2406A01B00CB7A39 /* HomeSceneModel.swift in Sources */,
				566C2DAA240444080006108B /* LoginSceneViewController.swift in Sources */,
				564A674E23FC6EE700D4901A /* Environment.swift in Sources */,
				ACACD45E241B8C980017D4D7 /* SearchMealsSceneViewModel.swift in Sources */,
				564A672D23FC2FD000D4901A /* BaseCoordinator.swift in Sources */,
				AC4A00A52404247300764281 /* QuestionsSceneModel.swift in Sources */,
				AC70FFA6241F993E0064CEC5 /* SettingsSceneViewController.swift in Sources */,
				ACA3CE5424191D81001213AC /* MealsStorageSceneViewModel.swift in Sources */,
				AC61F5F623FD6D3500AFCA9A /* SceneDelegate.swift in Sources */,
				564A674223FC6E4700D4901A /* SlimLogglyDestination.swift in Sources */,
				56993BFF2401A84900C16CFF /* MainSceneViewModel.swift in Sources */,
				ACEFE8D223FD798C0049960B /* SignInSceneModel.swift in Sources */,
				56C7B4F52405C2DE00CC2C8D /* WorkOutSceneViewModel.swift in Sources */,
				564A676523FC76B100D4901A /* Reactive+Ext.swift in Sources */,
				56993C162401BDAA00C16CFF /* ExercisesSceneModel.swift in Sources */,
				AC9E1DF42410F36000417E9A /* TodayWorkoutView.swift in Sources */,
				AC86C2242407C6950029D33E /* SlideSegmenControl.swift in Sources */,
				AC219313241273E800F388C1 /* DetailsWorkoutSceneModel.swift in Sources */,
				56993C1F2401BDF500C16CFF /* TipsSceneViewModel.swift in Sources */,
				56993C0E2401BD6D00C16CFF /* DailySceneModel.swift in Sources */,
				AC70FFA8241F993E0064CEC5 /* SettingsSceneViewModel.swift in Sources */,
				566C2D84240440040006108B /* SignInSceneCoordinator.swift in Sources */,
				564A674A23FC6E9800D4901A /* BaseViewModel.swift in Sources */,
				AC53618624003F7300E5204A /* SignUpSceneModel.swift in Sources */,
				56993BFC2401A84900C16CFF /* MainSceneCoordinator.swift in Sources */,
				AC9E1DED2410F11000417E9A /* WorkoutSegmentView.swift in Sources */,
				56993C072401B78400C16CFF /* TabBarSceneViewModel.swift in Sources */,
				AC70FFAA241F9B480064CEC5 /* UserView.swift in Sources */,
				564A675823FC701600D4901A /* SplashSceneViewModel.swift in Sources */,
				AC4A783823FE7412003DD917 /* LoginSceneCoordinator.swift in Sources */,
				AC21931D2412900400F388C1 /* MealSceneViewModel.swift in Sources */,
				AC12E32023FEBDFE007343A5 /* NewRegistSceneCoordinator.swift in Sources */,
				564A676223FC76B100D4901A /* NSLayoutConstraint+Ext.swift in Sources */,
				564A676D23FC821F00D4901A /* OnboardSceneViewModel.swift in Sources */,
				566C2DAB240444080006108B /* ForgotPassSceneViewController.swift in Sources */,
				ACAFEC9A2405176E00C8AEBB /* ExerciseCell.swift in Sources */,
				56993C0D2401BD6D00C16CFF /* DailySceneViewController.swift in Sources */,
				564A674C23FC6ECE00D4901A /* Constants.swift in Sources */,
				AC9E1DF724112A4F00417E9A /* YesterdayWorkoutCell.swift in Sources */,
				ACA3CE56241929D6001213AC /* ClearPopupView.swift in Sources */,
				AC70FFA7241F993E0064CEC5 /* SettingsSceneModel.swift in Sources */,
				ACEFE8D323FD798C0049960B /* SignInSceneViewModel.swift in Sources */,
				564A674623FC6E4700D4901A /* Logger.swift in Sources */,
				ACA3CE5324191D81001213AC /* MealsStorageSceneModel.swift in Sources */,
				564A676A23FC821F00D4901A /* OnboardSceneCoordinator.swift in Sources */,
				AC53618724003F7300E5204A /* SignUpSceneViewModel.swift in Sources */,
				56993C152401BDAA00C16CFF /* ExercisesSceneViewController.swift in Sources */,
				566C2D96240443800006108B /* SplashSceneViewController.swift in Sources */,
				ACACD45C241B8C980017D4D7 /* SearchMealsSceneViewController.swift in Sources */,
				ACACD460241BB41B0017D4D7 /* PreviewImagePagerView.swift in Sources */,
				564A674523FC6E4700D4901A /* SlimLoggerConfig.swift in Sources */,
				AC5515532413A4BD0093373D /* StackView.swift in Sources */,
				ACBF70112424C7CB00FFEAC8 /* ContactUsSceneModel.swift in Sources */,
				564A676323FC76B100D4901A /* Path+Ext.swift in Sources */,
				566C2DA8240444080006108B /* SignUpSceneViewController.swift in Sources */,
				AC1A7FAA2409044E0058248D /* VerificationEmailPopupView.swift in Sources */,
				ACA3CE5224191D81001213AC /* MealsStorageSceneViewController.swift in Sources */,
				AC219314241273E800F388C1 /* DetailsWorkoutSceneViewModel.swift in Sources */,
				ACCED1CE23FEA713000EB2DB /* ForgotPassSceneModel.swift in Sources */,
				AC4874EF24129B69007FE6A4 /* CaloriesView.swift in Sources */,
				AC738FC02406C18900CB7A39 /* HomeCell.swift in Sources */,
				56993C0C2401BD6D00C16CFF /* DailySceneCoordinator.swift in Sources */,
				564A672B23FC2FB000D4901A /* AppCoordinator.swift in Sources */,
				56993BFE2401A84900C16CFF /* MainSceneModel.swift in Sources */,
				AC738FBA2406A01B00CB7A39 /* HomeSceneCoordinator.swift in Sources */,
				AC57A17E2417A009006E9144 /* BreakfastCell.swift in Sources */,
				56993C172401BDAA00C16CFF /* ExercisesSceneViewModel.swift in Sources */,
				AC738FBB2406A01B00CB7A39 /* HomeSceneViewController.swift in Sources */,
				56C7B4F42405C2DE00CC2C8D /* WorkOutSceneModel.swift in Sources */,
				ACCED1CC23FEA713000EB2DB /* ForgotPassSceneCoordinator.swift in Sources */,
				566C2D92240443770006108B /* TabBarSceneViewController.swift in Sources */,
				AC21930A2412423B00F388C1 /* TodayWorkoutCell.swift in Sources */,
				566C2DA9240444080006108B /* NewRegistSceneViewController.swift in Sources */,
				ACEFD7F12401CA3A00C2EED8 /* LoginSceneModel.swift in Sources */,
				AC86C2272407CBFE0029D33E /* MealsView.swift in Sources */,
				564A672823FC2F3400D4901A /* Dependency.swift in Sources */,
				ACCED1C223FE8D1E000EB2DB /* BezierPath+Ext.swift in Sources */,
				566C2D91240443770006108B /* MainSceneViewController.swift in Sources */,
				ACCED1C623FE8DA3000EB2DB /* Label.swift in Sources */,
				AC21930C241246D800F388C1 /* TomorrowWorkoutCell.swift in Sources */,
				AC738FBD2406A01C00CB7A39 /* HomeSceneViewModel.swift in Sources */,
				AC1A7FAD240930B80058248D /* KeyboardManager.swift in Sources */,
				AC70FFAE241F9B8F0064CEC5 /* MeasurementsView.swift in Sources */,
				AC219311241273E800F388C1 /* DetailsWorkoutSceneCoordinator.swift in Sources */,
				56C7B4F32405C2DE00CC2C8D /* WorkOutSceneViewController.swift in Sources */,
			);
			runOnlyForDeploymentPostprocessing = 0;
		};
/* End PBXSourcesBuildPhase section */

/* Begin XCBuildConfiguration section */
		564A674F23FC6FD300D4901A /* PROD */ = {
			isa = XCBuildConfiguration;
			buildSettings = {
				ALWAYS_SEARCH_USER_PATHS = NO;
				CLANG_ANALYZER_NONNULL = YES;
				CLANG_ANALYZER_NUMBER_OBJECT_CONVERSION = YES_AGGRESSIVE;
				CLANG_CXX_LANGUAGE_STANDARD = "gnu++14";
				CLANG_CXX_LIBRARY = "libc++";
				CLANG_ENABLE_MODULES = YES;
				CLANG_ENABLE_OBJC_ARC = YES;
				CLANG_ENABLE_OBJC_WEAK = YES;
				CLANG_WARN_BLOCK_CAPTURE_AUTORELEASING = YES;
				CLANG_WARN_BOOL_CONVERSION = YES;
				CLANG_WARN_COMMA = YES;
				CLANG_WARN_CONSTANT_CONVERSION = YES;
				CLANG_WARN_DEPRECATED_OBJC_IMPLEMENTATIONS = YES;
				CLANG_WARN_DIRECT_OBJC_ISA_USAGE = YES_ERROR;
				CLANG_WARN_DOCUMENTATION_COMMENTS = YES;
				CLANG_WARN_EMPTY_BODY = YES;
				CLANG_WARN_ENUM_CONVERSION = YES;
				CLANG_WARN_INFINITE_RECURSION = YES;
				CLANG_WARN_INT_CONVERSION = YES;
				CLANG_WARN_NON_LITERAL_NULL_CONVERSION = YES;
				CLANG_WARN_OBJC_IMPLICIT_RETAIN_SELF = YES;
				CLANG_WARN_OBJC_LITERAL_CONVERSION = YES;
				CLANG_WARN_OBJC_ROOT_CLASS = YES_ERROR;
				CLANG_WARN_RANGE_LOOP_ANALYSIS = YES;
				CLANG_WARN_STRICT_PROTOTYPES = YES;
				CLANG_WARN_SUSPICIOUS_MOVE = YES;
				CLANG_WARN_UNGUARDED_AVAILABILITY = YES_AGGRESSIVE;
				CLANG_WARN_UNREACHABLE_CODE = YES;
				CLANG_WARN__DUPLICATE_METHOD_MATCH = YES;
				COPY_PHASE_STRIP = NO;
				DEBUG_INFORMATION_FORMAT = "dwarf-with-dsym";
				ENABLE_NS_ASSERTIONS = NO;
				ENABLE_STRICT_OBJC_MSGSEND = YES;
				GCC_C_LANGUAGE_STANDARD = gnu11;
				GCC_NO_COMMON_BLOCKS = YES;
				GCC_WARN_64_TO_32_BIT_CONVERSION = YES;
				GCC_WARN_ABOUT_RETURN_TYPE = YES_ERROR;
				GCC_WARN_UNDECLARED_SELECTOR = YES;
				GCC_WARN_UNINITIALIZED_AUTOS = YES_AGGRESSIVE;
				GCC_WARN_UNUSED_FUNCTION = YES;
				GCC_WARN_UNUSED_VARIABLE = YES;
				IPHONEOS_DEPLOYMENT_TARGET = 13.2;
				MTL_ENABLE_DEBUG_INFO = NO;
				MTL_FAST_MATH = YES;
				SDKROOT = iphoneos;
				SWIFT_COMPILATION_MODE = wholemodule;
				SWIFT_OPTIMIZATION_LEVEL = "-O";
				VALIDATE_PRODUCT = YES;
			};
			name = PROD;
		};
		564A675023FC6FD300D4901A /* PROD */ = {
			isa = XCBuildConfiguration;
			baseConfigurationReference = FC96423BC9095C9F1B61E56C /* Pods-Ms Fit.prod.xcconfig */;
			buildSettings = {
				ASSETCATALOG_COMPILER_APPICON_NAME = AppIcon;
				CODE_SIGN_IDENTITY = "Apple Development: Yuriy Granchenko (FNALJ4TFWP)";
				CODE_SIGN_STYLE = Manual;
				DEVELOPMENT_TEAM = S777YSR9BW;
				ENV = PROD;
				INFOPLIST_FILE = "Ms Fit/Resources/Info.plist";
				IPHONEOS_DEPLOYMENT_TARGET = 13.0;
				LD_RUNPATH_SEARCH_PATHS = (
					"$(inherited)",
					"@executable_path/Frameworks",
				);
				PRODUCT_BUNDLE_IDENTIFIER = com.selecto.MsFit;
				PRODUCT_NAME = "$(TARGET_NAME)";
				PROVISIONING_PROFILE_SPECIFIER = MsFit_Dev_Profile;
				SWIFT_VERSION = 5.0;
				TARGETED_DEVICE_FAMILY = 1;
			};
			name = PROD;
		};
		569FB0E423FC09530052B796 /* DEV */ = {
			isa = XCBuildConfiguration;
			buildSettings = {
				ALWAYS_SEARCH_USER_PATHS = NO;
				CLANG_ANALYZER_NONNULL = YES;
				CLANG_ANALYZER_NUMBER_OBJECT_CONVERSION = YES_AGGRESSIVE;
				CLANG_CXX_LANGUAGE_STANDARD = "gnu++14";
				CLANG_CXX_LIBRARY = "libc++";
				CLANG_ENABLE_MODULES = YES;
				CLANG_ENABLE_OBJC_ARC = YES;
				CLANG_ENABLE_OBJC_WEAK = YES;
				CLANG_WARN_BLOCK_CAPTURE_AUTORELEASING = YES;
				CLANG_WARN_BOOL_CONVERSION = YES;
				CLANG_WARN_COMMA = YES;
				CLANG_WARN_CONSTANT_CONVERSION = YES;
				CLANG_WARN_DEPRECATED_OBJC_IMPLEMENTATIONS = YES;
				CLANG_WARN_DIRECT_OBJC_ISA_USAGE = YES_ERROR;
				CLANG_WARN_DOCUMENTATION_COMMENTS = YES;
				CLANG_WARN_EMPTY_BODY = YES;
				CLANG_WARN_ENUM_CONVERSION = YES;
				CLANG_WARN_INFINITE_RECURSION = YES;
				CLANG_WARN_INT_CONVERSION = YES;
				CLANG_WARN_NON_LITERAL_NULL_CONVERSION = YES;
				CLANG_WARN_OBJC_IMPLICIT_RETAIN_SELF = YES;
				CLANG_WARN_OBJC_LITERAL_CONVERSION = YES;
				CLANG_WARN_OBJC_ROOT_CLASS = YES_ERROR;
				CLANG_WARN_RANGE_LOOP_ANALYSIS = YES;
				CLANG_WARN_STRICT_PROTOTYPES = YES;
				CLANG_WARN_SUSPICIOUS_MOVE = YES;
				CLANG_WARN_UNGUARDED_AVAILABILITY = YES_AGGRESSIVE;
				CLANG_WARN_UNREACHABLE_CODE = YES;
				CLANG_WARN__DUPLICATE_METHOD_MATCH = YES;
				COPY_PHASE_STRIP = NO;
				DEBUG_INFORMATION_FORMAT = dwarf;
				ENABLE_STRICT_OBJC_MSGSEND = YES;
				ENABLE_TESTABILITY = YES;
				GCC_C_LANGUAGE_STANDARD = gnu11;
				GCC_DYNAMIC_NO_PIC = NO;
				GCC_NO_COMMON_BLOCKS = YES;
				GCC_OPTIMIZATION_LEVEL = 0;
				GCC_PREPROCESSOR_DEFINITIONS = (
					"DEBUG=1",
					"$(inherited)",
				);
				GCC_WARN_64_TO_32_BIT_CONVERSION = YES;
				GCC_WARN_ABOUT_RETURN_TYPE = YES_ERROR;
				GCC_WARN_UNDECLARED_SELECTOR = YES;
				GCC_WARN_UNINITIALIZED_AUTOS = YES_AGGRESSIVE;
				GCC_WARN_UNUSED_FUNCTION = YES;
				GCC_WARN_UNUSED_VARIABLE = YES;
				IPHONEOS_DEPLOYMENT_TARGET = 13.2;
				MTL_ENABLE_DEBUG_INFO = INCLUDE_SOURCE;
				MTL_FAST_MATH = YES;
				ONLY_ACTIVE_ARCH = YES;
				SDKROOT = iphoneos;
				SWIFT_ACTIVE_COMPILATION_CONDITIONS = DEBUG;
				SWIFT_OPTIMIZATION_LEVEL = "-Onone";
			};
			name = DEV;
		};
		569FB0E523FC09530052B796 /* STG */ = {
			isa = XCBuildConfiguration;
			buildSettings = {
				ALWAYS_SEARCH_USER_PATHS = NO;
				CLANG_ANALYZER_NONNULL = YES;
				CLANG_ANALYZER_NUMBER_OBJECT_CONVERSION = YES_AGGRESSIVE;
				CLANG_CXX_LANGUAGE_STANDARD = "gnu++14";
				CLANG_CXX_LIBRARY = "libc++";
				CLANG_ENABLE_MODULES = YES;
				CLANG_ENABLE_OBJC_ARC = YES;
				CLANG_ENABLE_OBJC_WEAK = YES;
				CLANG_WARN_BLOCK_CAPTURE_AUTORELEASING = YES;
				CLANG_WARN_BOOL_CONVERSION = YES;
				CLANG_WARN_COMMA = YES;
				CLANG_WARN_CONSTANT_CONVERSION = YES;
				CLANG_WARN_DEPRECATED_OBJC_IMPLEMENTATIONS = YES;
				CLANG_WARN_DIRECT_OBJC_ISA_USAGE = YES_ERROR;
				CLANG_WARN_DOCUMENTATION_COMMENTS = YES;
				CLANG_WARN_EMPTY_BODY = YES;
				CLANG_WARN_ENUM_CONVERSION = YES;
				CLANG_WARN_INFINITE_RECURSION = YES;
				CLANG_WARN_INT_CONVERSION = YES;
				CLANG_WARN_NON_LITERAL_NULL_CONVERSION = YES;
				CLANG_WARN_OBJC_IMPLICIT_RETAIN_SELF = YES;
				CLANG_WARN_OBJC_LITERAL_CONVERSION = YES;
				CLANG_WARN_OBJC_ROOT_CLASS = YES_ERROR;
				CLANG_WARN_RANGE_LOOP_ANALYSIS = YES;
				CLANG_WARN_STRICT_PROTOTYPES = YES;
				CLANG_WARN_SUSPICIOUS_MOVE = YES;
				CLANG_WARN_UNGUARDED_AVAILABILITY = YES_AGGRESSIVE;
				CLANG_WARN_UNREACHABLE_CODE = YES;
				CLANG_WARN__DUPLICATE_METHOD_MATCH = YES;
				COPY_PHASE_STRIP = NO;
				DEBUG_INFORMATION_FORMAT = "dwarf-with-dsym";
				ENABLE_NS_ASSERTIONS = NO;
				ENABLE_STRICT_OBJC_MSGSEND = YES;
				GCC_C_LANGUAGE_STANDARD = gnu11;
				GCC_NO_COMMON_BLOCKS = YES;
				GCC_WARN_64_TO_32_BIT_CONVERSION = YES;
				GCC_WARN_ABOUT_RETURN_TYPE = YES_ERROR;
				GCC_WARN_UNDECLARED_SELECTOR = YES;
				GCC_WARN_UNINITIALIZED_AUTOS = YES_AGGRESSIVE;
				GCC_WARN_UNUSED_FUNCTION = YES;
				GCC_WARN_UNUSED_VARIABLE = YES;
				IPHONEOS_DEPLOYMENT_TARGET = 13.2;
				MTL_ENABLE_DEBUG_INFO = NO;
				MTL_FAST_MATH = YES;
				SDKROOT = iphoneos;
				SWIFT_COMPILATION_MODE = wholemodule;
				SWIFT_OPTIMIZATION_LEVEL = "-O";
				VALIDATE_PRODUCT = YES;
			};
			name = STG;
		};
		569FB0FF23FC106B0052B796 /* DEV */ = {
			isa = XCBuildConfiguration;
			baseConfigurationReference = 0246DC5AC07BDDF4EDE91CC9 /* Pods-Ms Fit.dev.xcconfig */;
			buildSettings = {
				ASSETCATALOG_COMPILER_APPICON_NAME = AppIcon;
				CODE_SIGN_IDENTITY = "Apple Development: Yuriy Granchenko (FNALJ4TFWP)";
				CODE_SIGN_STYLE = Manual;
				DEVELOPMENT_TEAM = S777YSR9BW;
				ENV = DEV;
				INFOPLIST_FILE = "Ms Fit/Resources/Info.plist";
				IPHONEOS_DEPLOYMENT_TARGET = 13.0;
				LD_RUNPATH_SEARCH_PATHS = (
					"$(inherited)",
					"@executable_path/Frameworks",
				);
				PRODUCT_BUNDLE_IDENTIFIER = com.selecto.MsFit;
				PRODUCT_NAME = "$(TARGET_NAME)";
				PROVISIONING_PROFILE_SPECIFIER = MsFit_Dev_Profile;
				SWIFT_VERSION = 5.0;
				TARGETED_DEVICE_FAMILY = 1;
			};
			name = DEV;
		};
		569FB10023FC106B0052B796 /* STG */ = {
			isa = XCBuildConfiguration;
			baseConfigurationReference = 446EC7B18DD8760A775FF0E1 /* Pods-Ms Fit.stg.xcconfig */;
			buildSettings = {
				ASSETCATALOG_COMPILER_APPICON_NAME = AppIcon;
				CODE_SIGN_IDENTITY = "Apple Development: Yuriy Granchenko (FNALJ4TFWP)";
				CODE_SIGN_STYLE = Manual;
				DEVELOPMENT_TEAM = S777YSR9BW;
				ENV = STG;
				INFOPLIST_FILE = "Ms Fit/Resources/Info.plist";
				IPHONEOS_DEPLOYMENT_TARGET = 13.0;
				LD_RUNPATH_SEARCH_PATHS = (
					"$(inherited)",
					"@executable_path/Frameworks",
				);
				PRODUCT_BUNDLE_IDENTIFIER = com.selecto.MsFit;
				PRODUCT_NAME = "$(TARGET_NAME)";
				PROVISIONING_PROFILE_SPECIFIER = MsFit_Dev_Profile;
				SWIFT_VERSION = 5.0;
				TARGETED_DEVICE_FAMILY = 1;
			};
			name = STG;
		};
/* End XCBuildConfiguration section */

/* Begin XCConfigurationList section */
		569FB0CD23FC09500052B796 /* Build configuration list for PBXProject "Ms Fit" */ = {
			isa = XCConfigurationList;
			buildConfigurations = (
				569FB0E423FC09530052B796 /* DEV */,
				569FB0E523FC09530052B796 /* STG */,
				564A674F23FC6FD300D4901A /* PROD */,
			);
			defaultConfigurationIsVisible = 0;
			defaultConfigurationName = STG;
		};
		569FB0FE23FC106B0052B796 /* Build configuration list for PBXNativeTarget "Ms Fit" */ = {
			isa = XCConfigurationList;
			buildConfigurations = (
				569FB0FF23FC106B0052B796 /* DEV */,
				569FB10023FC106B0052B796 /* STG */,
				564A675023FC6FD300D4901A /* PROD */,
			);
			defaultConfigurationIsVisible = 0;
			defaultConfigurationName = STG;
		};
/* End XCConfigurationList section */
	};
	rootObject = 569FB0CA23FC09500052B796 /* Project object */;
}
